// !$*UTF8*$!
{
	archiveVersion = 1;
	classes = {
	};
	objectVersion = 50;
	objects = {

/* Begin PBXBuildFile section */
		1910BF4F258FE60600BD0FFD /* AppDelegate.swift in Sources */ = {isa = PBXBuildFile; fileRef = 1910BF4E258FE60600BD0FFD /* AppDelegate.swift */; };
		1910BF51258FE60600BD0FFD /* SceneDelegate.swift in Sources */ = {isa = PBXBuildFile; fileRef = 1910BF50258FE60600BD0FFD /* SceneDelegate.swift */; };
		1910BF53258FE60600BD0FFD /* ViewController.swift in Sources */ = {isa = PBXBuildFile; fileRef = 1910BF52258FE60600BD0FFD /* ViewController.swift */; };
		1910BF56258FE60600BD0FFD /* Main.storyboard in Resources */ = {isa = PBXBuildFile; fileRef = 1910BF54258FE60600BD0FFD /* Main.storyboard */; };
		1910BF58258FE60900BD0FFD /* Assets.xcassets in Resources */ = {isa = PBXBuildFile; fileRef = 1910BF57258FE60900BD0FFD /* Assets.xcassets */; };
		1910BF5B258FE60900BD0FFD /* LaunchScreen.storyboard in Resources */ = {isa = PBXBuildFile; fileRef = 1910BF59258FE60900BD0FFD /* LaunchScreen.storyboard */; };
/* End PBXBuildFile section */

/* Begin PBXFileReference section */
		1910BF4B258FE60600BD0FFD /* Project06b.app */ = {isa = PBXFileReference; explicitFileType = wrapper.application; includeInIndex = 0; path = Project06b.app; sourceTree = BUILT_PRODUCTS_DIR; };
		1910BF4E258FE60600BD0FFD /* AppDelegate.swift */ = {isa = PBXFileReference; lastKnownFileType = sourcecode.swift; path = AppDelegate.swift; sourceTree = "<group>"; };
		1910BF50258FE60600BD0FFD /* SceneDelegate.swift */ = {isa = PBXFileReference; lastKnownFileType = sourcecode.swift; path = SceneDelegate.swift; sourceTree = "<group>"; };
		1910BF52258FE60600BD0FFD /* ViewController.swift */ = {isa = PBXFileReference; lastKnownFileType = sourcecode.swift; path = ViewController.swift; sourceTree = "<group>"; };
		1910BF55258FE60600BD0FFD /* Base */ = {isa = PBXFileReference; lastKnownFileType = file.storyboard; name = Base; path = Base.lproj/Main.storyboard; sourceTree = "<group>"; };
		1910BF57258FE60900BD0FFD /* Assets.xcassets */ = {isa = PBXFileReference; lastKnownFileType = folder.assetcatalog; path = Assets.xcassets; sourceTree = "<group>"; };
		1910BF5A258FE60900BD0FFD /* Base */ = {isa = PBXFileReference; lastKnownFileType = file.storyboard; name = Base; path = Base.lproj/LaunchScreen.storyboard; sourceTree = "<group>"; };
		1910BF5C258FE60900BD0FFD /* Info.plist */ = {isa = PBXFileReference; lastKnownFileType = text.plist.xml; path = Info.plist; sourceTree = "<group>"; };
/* End PBXFileReference section */

/* Begin PBXFrameworksBuildPhase section */
		1910BF48258FE60600BD0FFD /* Frameworks */ = {
			isa = PBXFrameworksBuildPhase;
			buildActionMask = 2147483647;
			files = (
			);
			runOnlyForDeploymentPostprocessing = 0;
		};
/* End PBXFrameworksBuildPhase section */

/* Begin PBXGroup section */
		1910BF42258FE60500BD0FFD = {
			isa = PBXGroup;
			children = (
				1910BF4D258FE60600BD0FFD /* Project06b */,
				1910BF4C258FE60600BD0FFD /* Products */,
			);
			sourceTree = "<group>";
		};
		1910BF4C258FE60600BD0FFD /* Products */ = {
			isa = PBXGroup;
			children = (
				1910BF4B258FE60600BD0FFD /* Project06b.app */,
			);
			name = Products;
			sourceTree = "<group>";
		};
		1910BF4D258FE60600BD0FFD /* Project06b */ = {
			isa = PBXGroup;
			children = (
				1910BF4E258FE60600BD0FFD /* AppDelegate.swift */,
				1910BF50258FE60600BD0FFD /* SceneDelegate.swift */,
				1910BF52258FE60600BD0FFD /* ViewController.swift */,
				1910BF54258FE60600BD0FFD /* Main.storyboard */,
				1910BF57258FE60900BD0FFD /* Assets.xcassets */,
				1910BF59258FE60900BD0FFD /* LaunchScreen.storyboard */,
				1910BF5C258FE60900BD0FFD /* Info.plist */,
			);
			path = Project06b;
			sourceTree = "<group>";
		};
/* End PBXGroup section */

/* Begin PBXNativeTarget section */
		1910BF4A258FE60600BD0FFD /* Project06b */ = {
			isa = PBXNativeTarget;
			buildConfigurationList = 1910BF5F258FE60900BD0FFD /* Build configuration list for PBXNativeTarget "Project06b" */;
			buildPhases = (
				1910BF47258FE60600BD0FFD /* Sources */,
				1910BF48258FE60600BD0FFD /* Frameworks */,
				1910BF49258FE60600BD0FFD /* Resources */,
			);
			buildRules = (
			);
			dependencies = (
			);
			name = Project06b;
			productName = Project06b;
			productReference = 1910BF4B258FE60600BD0FFD /* Project06b.app */;
			productType = "com.apple.product-type.application";
		};
/* End PBXNativeTarget section */

/* Begin PBXProject section */
		1910BF43258FE60500BD0FFD /* Project object */ = {
			isa = PBXProject;
			attributes = {
				LastSwiftUpdateCheck = 1230;
				LastUpgradeCheck = 1230;
				TargetAttributes = {
					1910BF4A258FE60600BD0FFD = {
						CreatedOnToolsVersion = 12.3;
					};
				};
			};
			buildConfigurationList = 1910BF46258FE60600BD0FFD /* Build configuration list for PBXProject "Project06b" */;
			compatibilityVersion = "Xcode 9.3";
			developmentRegion = en;
			hasScannedForEncodings = 0;
			knownRegions = (
				en,
				Base,
			);
			mainGroup = 1910BF42258FE60500BD0FFD;
			productRefGroup = 1910BF4C258FE60600BD0FFD /* Products */;
			projectDirPath = "";
			projectRoot = "";
			targets = (
				1910BF4A258FE60600BD0FFD /* Project06b */,
			);
		};
/* End PBXProject section */

/* Begin PBXResourcesBuildPhase section */
		1910BF49258FE60600BD0FFD /* Resources */ = {
			isa = PBXResourcesBuildPhase;
			buildActionMask = 2147483647;
			files = (
				1910BF5B258FE60900BD0FFD /* LaunchScreen.storyboard in Resources */,
				1910BF58258FE60900BD0FFD /* Assets.xcassets in Resources */,
				1910BF56258FE60600BD0FFD /* Main.storyboard in Resources */,
			);
			runOnlyForDeploymentPostprocessing = 0;
		};
/* End PBXResourcesBuildPhase section */

/* Begin PBXSourcesBuildPhase section */
		1910BF47258FE60600BD0FFD /* Sources */ = {
			isa = PBXSourcesBuildPhase;
			buildActionMask = 2147483647;
			files = (
				1910BF53258FE60600BD0FFD /* ViewController.swift in Sources */,
				1910BF4F258FE60600BD0FFD /* AppDelegate.swift in Sources */,
				1910BF51258FE60600BD0FFD /* SceneDelegate.swift in Sources */,
			);
			runOnlyForDeploymentPostprocessing = 0;
		};
/* End PBXSourcesBuildPhase section */

/* Begin PBXVariantGroup section */
		1910BF54258FE60600BD0FFD /* Main.storyboard */ = {
			isa = PBXVariantGroup;
			children = (
				1910BF55258FE60600BD0FFD /* Base */,
			);
			name = Main.storyboard;
			sourceTree = "<group>";
		};
		1910BF59258FE60900BD0FFD /* LaunchScreen.storyboard */ = {
			isa = PBXVariantGroup;
			children = (
				1910BF5A258FE60900BD0FFD /* Base */,
			);
			name = LaunchScreen.storyboard;
			sourceTree = "<group>";
		};
/* End PBXVariantGroup section */

/* Begin XCBuildConfiguration section */
		1910BF5D258FE60900BD0FFD /* Debug */ = {
			isa = XCBuildConfiguration;
			buildSettings = {
				ALWAYS_SEARCH_USER_PATHS = NO;
				CLANG_ANALYZER_NONNULL = YES;
				CLANG_ANALYZER_NUMBER_OBJECT_CONVERSION = YES_AGGRESSIVE;
				CLANG_CXX_LANGUAGE_STANDARD = "gnu++14";
				CLANG_CXX_LIBRARY = "libc++";
				CLANG_ENABLE_MODULES = YES;
				CLANG_ENABLE_OBJC_ARC = YES;
				CLANG_ENABLE_OBJC_WEAK = YES;
				CLANG_WARN_BLOCK_CAPTURE_AUTORELEASING = YES;
				CLANG_WARN_BOOL_CONVERSION = YES;
				CLANG_WARN_COMMA = YES;
				CLANG_WARN_CONSTANT_CONVERSION = YES;
				CLANG_WARN_DEPRECATED_OBJC_IMPLEMENTATIONS = YES;
				CLANG_WARN_DIRECT_OBJC_ISA_USAGE = YES_ERROR;
				CLANG_WARN_DOCUMENTATION_COMMENTS = YES;
				CLANG_WARN_EMPTY_BODY = YES;
				CLANG_WARN_ENUM_CONVERSION = YES;
				CLANG_WARN_INFINITE_RECURSION = YES;
				CLANG_WARN_INT_CONVERSION = YES;
				CLANG_WARN_NON_LITERAL_NULL_CONVERSION = YES;
				CLANG_WARN_OBJC_IMPLICIT_RETAIN_SELF = YES;
				CLANG_WARN_OBJC_LITERAL_CONVERSION = YES;
				CLANG_WARN_OBJC_ROOT_CLASS = YES_ERROR;
				CLANG_WARN_QUOTED_INCLUDE_IN_FRAMEWORK_HEADER = YES;
				CLANG_WARN_RANGE_LOOP_ANALYSIS = YES;
				CLANG_WARN_STRICT_PROTOTYPES = YES;
				CLANG_WARN_SUSPICIOUS_MOVE = YES;
				CLANG_WARN_UNGUARDED_AVAILABILITY = YES_AGGRESSIVE;
				CLANG_WARN_UNREACHABLE_CODE = YES;
				CLANG_WARN__DUPLICATE_METHOD_MATCH = YES;
				COPY_PHASE_STRIP = NO;
				DEBUG_INFORMATION_FORMAT = dwarf;
				ENABLE_STRICT_OBJC_MSGSEND = YES;
				ENABLE_TESTABILITY = YES;
				GCC_C_LANGUAGE_STANDARD = gnu11;
				GCC_DYNAMIC_NO_PIC = NO;
				GCC_NO_COMMON_BLOCKS = YES;
				GCC_OPTIMIZATION_LEVEL = 0;
				GCC_PREPROCESSOR_DEFINITIONS = (
					"DEBUG=1",
					"$(inherited)",
				);
				GCC_WARN_64_TO_32_BIT_CONVERSION = YES;
				GCC_WARN_ABOUT_RETURN_TYPE = YES_ERROR;
				GCC_WARN_UNDECLARED_SELECTOR = YES;
				GCC_WARN_UNINITIALIZED_AUTOS = YES_AGGRESSIVE;
				GCC_WARN_UNUSED_FUNCTION = YES;
				GCC_WARN_UNUSED_VARIABLE = YES;
				IPHONEOS_DEPLOYMENT_TARGET = 14.3;
				MTL_ENABLE_DEBUG_INFO = INCLUDE_SOURCE;
				MTL_FAST_MATH = YES;
				ONLY_ACTIVE_ARCH = YES;
				SDKROOT = iphoneos;
				SWIFT_ACTIVE_COMPILATION_CONDITIONS = DEBUG;
				SWIFT_OPTIMIZATION_LEVEL = "-Onone";
			};
			name = Debug;
		};
		1910BF5E258FE60900BD0FFD /* Release */ = {
			isa = XCBuildConfiguration;
			buildSettings = {
				ALWAYS_SEARCH_USER_PATHS = NO;
				CLANG_ANALYZER_NONNULL = YES;
				CLANG_ANALYZER_NUMBER_OBJECT_CONVERSION = YES_AGGRESSIVE;
				CLANG_CXX_LANGUAGE_STANDARD = "gnu++14";
				CLANG_CXX_LIBRARY = "libc++";
				CLANG_ENABLE_MODULES = YES;
				CLANG_ENABLE_OBJC_ARC = YES;
				CLANG_ENABLE_OBJC_WEAK = YES;
				CLANG_WARN_BLOCK_CAPTURE_AUTORELEASING = YES;
				CLANG_WARN_BOOL_CONVERSION = YES;
				CLANG_WARN_COMMA = YES;
				CLANG_WARN_CONSTANT_CONVERSION = YES;
				CLANG_WARN_DEPRECATED_OBJC_IMPLEMENTATIONS = YES;
				CLANG_WARN_DIRECT_OBJC_ISA_USAGE = YES_ERROR;
				CLANG_WARN_DOCUMENTATION_COMMENTS = YES;
				CLANG_WARN_EMPTY_BODY = YES;
				CLANG_WARN_ENUM_CONVERSION = YES;
				CLANG_WARN_INFINITE_RECURSION = YES;
				CLANG_WARN_INT_CONVERSION = YES;
				CLANG_WARN_NON_LITERAL_NULL_CONVERSION = YES;
				CLANG_WARN_OBJC_IMPLICIT_RETAIN_SELF = YES;
				CLANG_WARN_OBJC_LITERAL_CONVERSION = YES;
				CLANG_WARN_OBJC_ROOT_CLASS = YES_ERROR;
				CLANG_WARN_QUOTED_INCLUDE_IN_FRAMEWORK_HEADER = YES;
				CLANG_WARN_RANGE_LOOP_ANALYSIS = YES;
				CLANG_WARN_STRICT_PROTOTYPES = YES;
				CLANG_WARN_SUSPICIOUS_MOVE = YES;
				CLANG_WARN_UNGUARDED_AVAILABILITY = YES_AGGRESSIVE;
				CLANG_WARN_UNREACHABLE_CODE = YES;
				CLANG_WARN__DUPLICATE_METHOD_MATCH = YES;
				COPY_PHASE_STRIP = NO;
				DEBUG_INFORMATION_FORMAT = "dwarf-with-dsym";
				ENABLE_NS_ASSERTIONS = NO;
				ENABLE_STRICT_OBJC_MSGSEND = YES;
				GCC_C_LANGUAGE_STANDARD = gnu11;
				GCC_NO_COMMON_BLOCKS = YES;
				GCC_WARN_64_TO_32_BIT_CONVERSION = YES;
				GCC_WARN_ABOUT_RETURN_TYPE = YES_ERROR;
				GCC_WARN_UNDECLARED_SELECTOR = YES;
				GCC_WARN_UNINITIALIZED_AUTOS = YES_AGGRESSIVE;
				GCC_WARN_UNUSED_FUNCTION = YES;
				GCC_WARN_UNUSED_VARIABLE = YES;
				IPHONEOS_DEPLOYMENT_TARGET = 14.3;
				MTL_ENABLE_DEBUG_INFO = NO;
				MTL_FAST_MATH = YES;
				SDKROOT = iphoneos;
				SWIFT_COMPILATION_MODE = wholemodule;
				SWIFT_OPTIMIZATION_LEVEL = "-O";
				VALIDATE_PRODUCT = YES;
			};
			name = Release;
		};
		1910BF60258FE60900BD0FFD /* Debug */ = {
			isa = XCBuildConfiguration;
			buildSettings = {
				ASSETCATALOG_COMPILER_APPICON_NAME = AppIcon;
				ASSETCATALOG_COMPILER_GLOBAL_ACCENT_COLOR_NAME = AccentColor;
				CODE_SIGN_STYLE = Automatic;
				DEVELOPMENT_TEAM = 2DQV4CFN7G;
				INFOPLIST_FILE = Project06b/Info.plist;
				LD_RUNPATH_SEARCH_PATHS = (
					"$(inherited)",
					"@executable_path/Frameworks",
				);
				PRODUCT_BUNDLE_IDENTIFIER = usamaeltmsah.Project06b;
				PRODUCT_NAME = "$(TARGET_NAME)";
				SWIFT_VERSION = 5.0;
				TARGETED_DEVICE_FAMILY = "1,2";
			};
			name = Debug;
		};
		1910BF61258FE60900BD0FFD /* Release */ = {
			isa = XCBuildConfiguration;
			buildSettings = {
				ASSETCATALOG_COMPILER_APPICON_NAME = AppIcon;
				ASSETCATALOG_COMPILER_GLOBAL_ACCENT_COLOR_NAME = AccentColor;
				CODE_SIGN_STYLE = Automatic;
				DEVELOPMENT_TEAM = 2DQV4CFN7G;
				INFOPLIST_FILE = Project06b/Info.plist;
				LD_RUNPATH_SEARCH_PATHS = (
					"$(inherited)",
					"@executable_path/Frameworks",
				);
				PRODUCT_BUNDLE_IDENTIFIER = usamaeltmsah.Project06b;
				PRODUCT_NAME = "$(TARGET_NAME)";
				SWIFT_VERSION = 5.0;
				TARGETED_DEVICE_FAMILY = "1,2";
			};
			name = Release;
		};
/* End XCBuildConfiguration section */

/* Begin XCConfigurationList section */
		1910BF46258FE60600BD0FFD /* Build configuration list for PBXProject "Project06b" */ = {
			isa = XCConfigurationList;
			buildConfigurations = (
				1910BF5D258FE60900BD0FFD /* Debug */,
				1910BF5E258FE60900BD0FFD /* Release */,
			);
			defaultConfigurationIsVisible = 0;
			defaultConfigurationName = Release;
		};
		1910BF5F258FE60900BD0FFD /* Build configuration list for PBXNativeTarget "Project06b" */ = {
			isa = XCConfigurationList;
			buildConfigurations = (
				1910BF60258FE60900BD0FFD /* Debug */,
				1910BF61258FE60900BD0FFD /* Release */,
			);
			defaultConfigurationIsVisible = 0;
			defaultConfigurationName = Release;
		};
/* End XCConfigurationList section */
	};
	rootObject = 1910BF43258FE60500BD0FFD /* Project object */;
}
