// !$*UTF8*$!
{
	archiveVersion = 1;
	classes = {
	};
	objectVersion = 50;
	objects = {

/* Begin PBXBuildFile section */
		19CD691725867B0700056616 /* AppDelegate.swift in Sources */ = {isa = PBXBuildFile; fileRef = 19CD691625867B0700056616 /* AppDelegate.swift */; };
		19CD691925867B0700056616 /* SceneDelegate.swift in Sources */ = {isa = PBXBuildFile; fileRef = 19CD691825867B0700056616 /* SceneDelegate.swift */; };
		19CD691B25867B0700056616 /* ViewController.swift in Sources */ = {isa = PBXBuildFile; fileRef = 19CD691A25867B0700056616 /* ViewController.swift */; };
		19CD691E25867B0700056616 /* Main.storyboard in Resources */ = {isa = PBXBuildFile; fileRef = 19CD691C25867B0700056616 /* Main.storyboard */; };
		19CD692025867B0B00056616 /* Assets.xcassets in Resources */ = {isa = PBXBuildFile; fileRef = 19CD691F25867B0B00056616 /* Assets.xcassets */; };
		19CD692325867B0B00056616 /* LaunchScreen.storyboard in Resources */ = {isa = PBXBuildFile; fileRef = 19CD692125867B0B00056616 /* LaunchScreen.storyboard */; };
		19CD692E25867B0B00056616 /* _23Tests.swift in Sources */ = {isa = PBXBuildFile; fileRef = 19CD692D25867B0B00056616 /* _23Tests.swift */; };
		19CD693925867B0B00056616 /* _23UITests.swift in Sources */ = {isa = PBXBuildFile; fileRef = 19CD693825867B0B00056616 /* _23UITests.swift */; };
/* End PBXBuildFile section */

/* Begin PBXContainerItemProxy section */
		19CD692A25867B0B00056616 /* PBXContainerItemProxy */ = {
			isa = PBXContainerItemProxy;
			containerPortal = 19CD690B25867B0600056616 /* Project object */;
			proxyType = 1;
			remoteGlobalIDString = 19CD691225867B0700056616;
			remoteInfo = 123;
		};
		19CD693525867B0B00056616 /* PBXContainerItemProxy */ = {
			isa = PBXContainerItemProxy;
			containerPortal = 19CD690B25867B0600056616 /* Project object */;
			proxyType = 1;
			remoteGlobalIDString = 19CD691225867B0700056616;
			remoteInfo = 123;
		};
/* End PBXContainerItemProxy section */

/* Begin PBXFileReference section */
		19CD691325867B0700056616 /* 123.app */ = {isa = PBXFileReference; explicitFileType = wrapper.application; includeInIndex = 0; path = 123.app; sourceTree = BUILT_PRODUCTS_DIR; };
		19CD691625867B0700056616 /* AppDelegate.swift */ = {isa = PBXFileReference; lastKnownFileType = sourcecode.swift; path = AppDelegate.swift; sourceTree = "<group>"; };
		19CD691825867B0700056616 /* SceneDelegate.swift */ = {isa = PBXFileReference; lastKnownFileType = sourcecode.swift; path = SceneDelegate.swift; sourceTree = "<group>"; };
		19CD691A25867B0700056616 /* ViewController.swift */ = {isa = PBXFileReference; lastKnownFileType = sourcecode.swift; path = ViewController.swift; sourceTree = "<group>"; };
		19CD691D25867B0700056616 /* Base */ = {isa = PBXFileReference; lastKnownFileType = file.storyboard; name = Base; path = Base.lproj/Main.storyboard; sourceTree = "<group>"; };
		19CD691F25867B0B00056616 /* Assets.xcassets */ = {isa = PBXFileReference; lastKnownFileType = folder.assetcatalog; path = Assets.xcassets; sourceTree = "<group>"; };
		19CD692225867B0B00056616 /* Base */ = {isa = PBXFileReference; lastKnownFileType = file.storyboard; name = Base; path = Base.lproj/LaunchScreen.storyboard; sourceTree = "<group>"; };
		19CD692425867B0B00056616 /* Info.plist */ = {isa = PBXFileReference; lastKnownFileType = text.plist.xml; path = Info.plist; sourceTree = "<group>"; };
		19CD692925867B0B00056616 /* 123Tests.xctest */ = {isa = PBXFileReference; explicitFileType = wrapper.cfbundle; includeInIndex = 0; path = 123Tests.xctest; sourceTree = BUILT_PRODUCTS_DIR; };
		19CD692D25867B0B00056616 /* _23Tests.swift */ = {isa = PBXFileReference; lastKnownFileType = sourcecode.swift; path = _23Tests.swift; sourceTree = "<group>"; };
		19CD692F25867B0B00056616 /* Info.plist */ = {isa = PBXFileReference; lastKnownFileType = text.plist.xml; path = Info.plist; sourceTree = "<group>"; };
		19CD693425867B0B00056616 /* 123UITests.xctest */ = {isa = PBXFileReference; explicitFileType = wrapper.cfbundle; includeInIndex = 0; path = 123UITests.xctest; sourceTree = BUILT_PRODUCTS_DIR; };
		19CD693825867B0B00056616 /* _23UITests.swift */ = {isa = PBXFileReference; lastKnownFileType = sourcecode.swift; path = _23UITests.swift; sourceTree = "<group>"; };
		19CD693A25867B0B00056616 /* Info.plist */ = {isa = PBXFileReference; lastKnownFileType = text.plist.xml; path = Info.plist; sourceTree = "<group>"; };
/* End PBXFileReference section */

/* Begin PBXFrameworksBuildPhase section */
		19CD691025867B0700056616 /* Frameworks */ = {
			isa = PBXFrameworksBuildPhase;
			buildActionMask = 2147483647;
			files = (
			);
			runOnlyForDeploymentPostprocessing = 0;
		};
		19CD692625867B0B00056616 /* Frameworks */ = {
			isa = PBXFrameworksBuildPhase;
			buildActionMask = 2147483647;
			files = (
			);
			runOnlyForDeploymentPostprocessing = 0;
		};
		19CD693125867B0B00056616 /* Frameworks */ = {
			isa = PBXFrameworksBuildPhase;
			buildActionMask = 2147483647;
			files = (
			);
			runOnlyForDeploymentPostprocessing = 0;
		};
/* End PBXFrameworksBuildPhase section */

/* Begin PBXGroup section */
		19CD690A25867B0600056616 = {
			isa = PBXGroup;
			children = (
				19CD691525867B0700056616 /* 123 */,
				19CD692C25867B0B00056616 /* 123Tests */,
				19CD693725867B0B00056616 /* 123UITests */,
				19CD691425867B0700056616 /* Products */,
			);
			sourceTree = "<group>";
		};
		19CD691425867B0700056616 /* Products */ = {
			isa = PBXGroup;
			children = (
				19CD691325867B0700056616 /* 123.app */,
				19CD692925867B0B00056616 /* 123Tests.xctest */,
				19CD693425867B0B00056616 /* 123UITests.xctest */,
			);
			name = Products;
			sourceTree = "<group>";
		};
		19CD691525867B0700056616 /* 123 */ = {
			isa = PBXGroup;
			children = (
				19CD691625867B0700056616 /* AppDelegate.swift */,
				19CD691825867B0700056616 /* SceneDelegate.swift */,
				19CD691A25867B0700056616 /* ViewController.swift */,
				19CD691C25867B0700056616 /* Main.storyboard */,
				19CD691F25867B0B00056616 /* Assets.xcassets */,
				19CD692125867B0B00056616 /* LaunchScreen.storyboard */,
				19CD692425867B0B00056616 /* Info.plist */,
			);
			path = 123;
			sourceTree = "<group>";
		};
		19CD692C25867B0B00056616 /* 123Tests */ = {
			isa = PBXGroup;
			children = (
				19CD692D25867B0B00056616 /* _23Tests.swift */,
				19CD692F25867B0B00056616 /* Info.plist */,
			);
			path = 123Tests;
			sourceTree = "<group>";
		};
		19CD693725867B0B00056616 /* 123UITests */ = {
			isa = PBXGroup;
			children = (
				19CD693825867B0B00056616 /* _23UITests.swift */,
				19CD693A25867B0B00056616 /* Info.plist */,
			);
			path = 123UITests;
			sourceTree = "<group>";
		};
/* End PBXGroup section */

/* Begin PBXNativeTarget section */
		19CD691225867B0700056616 /* 123 */ = {
			isa = PBXNativeTarget;
			buildConfigurationList = 19CD693D25867B0B00056616 /* Build configuration list for PBXNativeTarget "123" */;
			buildPhases = (
				19CD690F25867B0700056616 /* Sources */,
				19CD691025867B0700056616 /* Frameworks */,
				19CD691125867B0700056616 /* Resources */,
			);
			buildRules = (
			);
			dependencies = (
			);
			name = 123;
			productName = 123;
			productReference = 19CD691325867B0700056616 /* 123.app */;
			productType = "com.apple.product-type.application";
		};
		19CD692825867B0B00056616 /* 123Tests */ = {
			isa = PBXNativeTarget;
			buildConfigurationList = 19CD694025867B0B00056616 /* Build configuration list for PBXNativeTarget "123Tests" */;
			buildPhases = (
				19CD692525867B0B00056616 /* Sources */,
				19CD692625867B0B00056616 /* Frameworks */,
				19CD692725867B0B00056616 /* Resources */,
			);
			buildRules = (
			);
			dependencies = (
				19CD692B25867B0B00056616 /* PBXTargetDependency */,
			);
			name = 123Tests;
			productName = 123Tests;
			productReference = 19CD692925867B0B00056616 /* 123Tests.xctest */;
			productType = "com.apple.product-type.bundle.unit-test";
		};
		19CD693325867B0B00056616 /* 123UITests */ = {
			isa = PBXNativeTarget;
			buildConfigurationList = 19CD694325867B0B00056616 /* Build configuration list for PBXNativeTarget "123UITests" */;
			buildPhases = (
				19CD693025867B0B00056616 /* Sources */,
				19CD693125867B0B00056616 /* Frameworks */,
				19CD693225867B0B00056616 /* Resources */,
			);
			buildRules = (
			);
			dependencies = (
				19CD693625867B0B00056616 /* PBXTargetDependency */,
			);
			name = 123UITests;
			productName = 123UITests;
			productReference = 19CD693425867B0B00056616 /* 123UITests.xctest */;
			productType = "com.apple.product-type.bundle.ui-testing";
		};
/* End PBXNativeTarget section */

/* Begin PBXProject section */
		19CD690B25867B0600056616 /* Project object */ = {
			isa = PBXProject;
			attributes = {
				LastSwiftUpdateCheck = 1220;
				LastUpgradeCheck = 1220;
				TargetAttributes = {
					19CD691225867B0700056616 = {
						CreatedOnToolsVersion = 12.2;
					};
					19CD692825867B0B00056616 = {
						CreatedOnToolsVersion = 12.2;
						TestTargetID = 19CD691225867B0700056616;
					};
					19CD693325867B0B00056616 = {
						CreatedOnToolsVersion = 12.2;
						TestTargetID = 19CD691225867B0700056616;
					};
				};
			};
			buildConfigurationList = 19CD690E25867B0600056616 /* Build configuration list for PBXProject "123" */;
			compatibilityVersion = "Xcode 9.3";
			developmentRegion = en;
			hasScannedForEncodings = 0;
			knownRegions = (
				en,
				Base,
			);
			mainGroup = 19CD690A25867B0600056616;
			productRefGroup = 19CD691425867B0700056616 /* Products */;
			projectDirPath = "";
			projectRoot = "";
			targets = (
				19CD691225867B0700056616 /* 123 */,
				19CD692825867B0B00056616 /* 123Tests */,
				19CD693325867B0B00056616 /* 123UITests */,
			);
		};
/* End PBXProject section */

/* Begin PBXResourcesBuildPhase section */
		19CD691125867B0700056616 /* Resources */ = {
			isa = PBXResourcesBuildPhase;
			buildActionMask = 2147483647;
			files = (
				19CD692325867B0B00056616 /* LaunchScreen.storyboard in Resources */,
				19CD692025867B0B00056616 /* Assets.xcassets in Resources */,
				19CD691E25867B0700056616 /* Main.storyboard in Resources */,
			);
			runOnlyForDeploymentPostprocessing = 0;
		};
		19CD692725867B0B00056616 /* Resources */ = {
			isa = PBXResourcesBuildPhase;
			buildActionMask = 2147483647;
			files = (
			);
			runOnlyForDeploymentPostprocessing = 0;
		};
		19CD693225867B0B00056616 /* Resources */ = {
			isa = PBXResourcesBuildPhase;
			buildActionMask = 2147483647;
			files = (
			);
			runOnlyForDeploymentPostprocessing = 0;
		};
/* End PBXResourcesBuildPhase section */

/* Begin PBXSourcesBuildPhase section */
		19CD690F25867B0700056616 /* Sources */ = {
			isa = PBXSourcesBuildPhase;
			buildActionMask = 2147483647;
			files = (
				19CD691B25867B0700056616 /* ViewController.swift in Sources */,
				19CD691725867B0700056616 /* AppDelegate.swift in Sources */,
				19CD691925867B0700056616 /* SceneDelegate.swift in Sources */,
			);
			runOnlyForDeploymentPostprocessing = 0;
		};
		19CD692525867B0B00056616 /* Sources */ = {
			isa = PBXSourcesBuildPhase;
			buildActionMask = 2147483647;
			files = (
				19CD692E25867B0B00056616 /* _23Tests.swift in Sources */,
			);
			runOnlyForDeploymentPostprocessing = 0;
		};
		19CD693025867B0B00056616 /* Sources */ = {
			isa = PBXSourcesBuildPhase;
			buildActionMask = 2147483647;
			files = (
				19CD693925867B0B00056616 /* _23UITests.swift in Sources */,
			);
			runOnlyForDeploymentPostprocessing = 0;
		};
/* End PBXSourcesBuildPhase section */

/* Begin PBXTargetDependency section */
		19CD692B25867B0B00056616 /* PBXTargetDependency */ = {
			isa = PBXTargetDependency;
			target = 19CD691225867B0700056616 /* 123 */;
			targetProxy = 19CD692A25867B0B00056616 /* PBXContainerItemProxy */;
		};
		19CD693625867B0B00056616 /* PBXTargetDependency */ = {
			isa = PBXTargetDependency;
			target = 19CD691225867B0700056616 /* 123 */;
			targetProxy = 19CD693525867B0B00056616 /* PBXContainerItemProxy */;
		};
/* End PBXTargetDependency section */

/* Begin PBXVariantGroup section */
		19CD691C25867B0700056616 /* Main.storyboard */ = {
			isa = PBXVariantGroup;
			children = (
				19CD691D25867B0700056616 /* Base */,
			);
			name = Main.storyboard;
			sourceTree = "<group>";
		};
		19CD692125867B0B00056616 /* LaunchScreen.storyboard */ = {
			isa = PBXVariantGroup;
			children = (
				19CD692225867B0B00056616 /* Base */,
			);
			name = LaunchScreen.storyboard;
			sourceTree = "<group>";
		};
/* End PBXVariantGroup section */

/* Begin XCBuildConfiguration section */
		19CD693B25867B0B00056616 /* Debug */ = {
			isa = XCBuildConfiguration;
			buildSettings = {
				ALWAYS_SEARCH_USER_PATHS = NO;
				CLANG_ANALYZER_NONNULL = YES;
				CLANG_ANALYZER_NUMBER_OBJECT_CONVERSION = YES_AGGRESSIVE;
				CLANG_CXX_LANGUAGE_STANDARD = "gnu++14";
				CLANG_CXX_LIBRARY = "libc++";
				CLANG_ENABLE_MODULES = YES;
				CLANG_ENABLE_OBJC_ARC = YES;
				CLANG_ENABLE_OBJC_WEAK = YES;
				CLANG_WARN_BLOCK_CAPTURE_AUTORELEASING = YES;
				CLANG_WARN_BOOL_CONVERSION = YES;
				CLANG_WARN_COMMA = YES;
				CLANG_WARN_CONSTANT_CONVERSION = YES;
				CLANG_WARN_DEPRECATED_OBJC_IMPLEMENTATIONS = YES;
				CLANG_WARN_DIRECT_OBJC_ISA_USAGE = YES_ERROR;
				CLANG_WARN_DOCUMENTATION_COMMENTS = YES;
				CLANG_WARN_EMPTY_BODY = YES;
				CLANG_WARN_ENUM_CONVERSION = YES;
				CLANG_WARN_INFINITE_RECURSION = YES;
				CLANG_WARN_INT_CONVERSION = YES;
				CLANG_WARN_NON_LITERAL_NULL_CONVERSION = YES;
				CLANG_WARN_OBJC_IMPLICIT_RETAIN_SELF = YES;
				CLANG_WARN_OBJC_LITERAL_CONVERSION = YES;
				CLANG_WARN_OBJC_ROOT_CLASS = YES_ERROR;
				CLANG_WARN_QUOTED_INCLUDE_IN_FRAMEWORK_HEADER = YES;
				CLANG_WARN_RANGE_LOOP_ANALYSIS = YES;
				CLANG_WARN_STRICT_PROTOTYPES = YES;
				CLANG_WARN_SUSPICIOUS_MOVE = YES;
				CLANG_WARN_UNGUARDED_AVAILABILITY = YES_AGGRESSIVE;
				CLANG_WARN_UNREACHABLE_CODE = YES;
				CLANG_WARN__DUPLICATE_METHOD_MATCH = YES;
				COPY_PHASE_STRIP = NO;
				DEBUG_INFORMATION_FORMAT = dwarf;
				ENABLE_STRICT_OBJC_MSGSEND = YES;
				ENABLE_TESTABILITY = YES;
				GCC_C_LANGUAGE_STANDARD = gnu11;
				GCC_DYNAMIC_NO_PIC = NO;
				GCC_NO_COMMON_BLOCKS = YES;
				GCC_OPTIMIZATION_LEVEL = 0;
				GCC_PREPROCESSOR_DEFINITIONS = (
					"DEBUG=1",
					"$(inherited)",
				);
				GCC_WARN_64_TO_32_BIT_CONVERSION = YES;
				GCC_WARN_ABOUT_RETURN_TYPE = YES_ERROR;
				GCC_WARN_UNDECLARED_SELECTOR = YES;
				GCC_WARN_UNINITIALIZED_AUTOS = YES_AGGRESSIVE;
				GCC_WARN_UNUSED_FUNCTION = YES;
				GCC_WARN_UNUSED_VARIABLE = YES;
				IPHONEOS_DEPLOYMENT_TARGET = 14.2;
				MTL_ENABLE_DEBUG_INFO = INCLUDE_SOURCE;
				MTL_FAST_MATH = YES;
				ONLY_ACTIVE_ARCH = YES;
				SDKROOT = iphoneos;
				SWIFT_ACTIVE_COMPILATION_CONDITIONS = DEBUG;
				SWIFT_OPTIMIZATION_LEVEL = "-Onone";
			};
			name = Debug;
		};
		19CD693C25867B0B00056616 /* Release */ = {
			isa = XCBuildConfiguration;
			buildSettings = {
				ALWAYS_SEARCH_USER_PATHS = NO;
				CLANG_ANALYZER_NONNULL = YES;
				CLANG_ANALYZER_NUMBER_OBJECT_CONVERSION = YES_AGGRESSIVE;
				CLANG_CXX_LANGUAGE_STANDARD = "gnu++14";
				CLANG_CXX_LIBRARY = "libc++";
				CLANG_ENABLE_MODULES = YES;
				CLANG_ENABLE_OBJC_ARC = YES;
				CLANG_ENABLE_OBJC_WEAK = YES;
				CLANG_WARN_BLOCK_CAPTURE_AUTORELEASING = YES;
				CLANG_WARN_BOOL_CONVERSION = YES;
				CLANG_WARN_COMMA = YES;
				CLANG_WARN_CONSTANT_CONVERSION = YES;
				CLANG_WARN_DEPRECATED_OBJC_IMPLEMENTATIONS = YES;
				CLANG_WARN_DIRECT_OBJC_ISA_USAGE = YES_ERROR;
				CLANG_WARN_DOCUMENTATION_COMMENTS = YES;
				CLANG_WARN_EMPTY_BODY = YES;
				CLANG_WARN_ENUM_CONVERSION = YES;
				CLANG_WARN_INFINITE_RECURSION = YES;
				CLANG_WARN_INT_CONVERSION = YES;
				CLANG_WARN_NON_LITERAL_NULL_CONVERSION = YES;
				CLANG_WARN_OBJC_IMPLICIT_RETAIN_SELF = YES;
				CLANG_WARN_OBJC_LITERAL_CONVERSION = YES;
				CLANG_WARN_OBJC_ROOT_CLASS = YES_ERROR;
				CLANG_WARN_QUOTED_INCLUDE_IN_FRAMEWORK_HEADER = YES;
				CLANG_WARN_RANGE_LOOP_ANALYSIS = YES;
				CLANG_WARN_STRICT_PROTOTYPES = YES;
				CLANG_WARN_SUSPICIOUS_MOVE = YES;
				CLANG_WARN_UNGUARDED_AVAILABILITY = YES_AGGRESSIVE;
				CLANG_WARN_UNREACHABLE_CODE = YES;
				CLANG_WARN__DUPLICATE_METHOD_MATCH = YES;
				COPY_PHASE_STRIP = NO;
				DEBUG_INFORMATION_FORMAT = "dwarf-with-dsym";
				ENABLE_NS_ASSERTIONS = NO;
				ENABLE_STRICT_OBJC_MSGSEND = YES;
				GCC_C_LANGUAGE_STANDARD = gnu11;
				GCC_NO_COMMON_BLOCKS = YES;
				GCC_WARN_64_TO_32_BIT_CONVERSION = YES;
				GCC_WARN_ABOUT_RETURN_TYPE = YES_ERROR;
				GCC_WARN_UNDECLARED_SELECTOR = YES;
				GCC_WARN_UNINITIALIZED_AUTOS = YES_AGGRESSIVE;
				GCC_WARN_UNUSED_FUNCTION = YES;
				GCC_WARN_UNUSED_VARIABLE = YES;
				IPHONEOS_DEPLOYMENT_TARGET = 14.2;
				MTL_ENABLE_DEBUG_INFO = NO;
				MTL_FAST_MATH = YES;
				SDKROOT = iphoneos;
				SWIFT_COMPILATION_MODE = wholemodule;
				SWIFT_OPTIMIZATION_LEVEL = "-O";
				VALIDATE_PRODUCT = YES;
			};
			name = Release;
		};
		19CD693E25867B0B00056616 /* Debug */ = {
			isa = XCBuildConfiguration;
			buildSettings = {
				ASSETCATALOG_COMPILER_APPICON_NAME = AppIcon;
				ASSETCATALOG_COMPILER_GLOBAL_ACCENT_COLOR_NAME = AccentColor;
				CODE_SIGN_STYLE = Automatic;
				DEVELOPMENT_TEAM = 574Q25SHHF;
				INFOPLIST_FILE = 123/Info.plist;
				LD_RUNPATH_SEARCH_PATHS = (
					"$(inherited)",
					"@executable_path/Frameworks",
				);
				PRODUCT_BUNDLE_IDENTIFIER = "usamaeltmsah.-23";
				PRODUCT_NAME = "$(TARGET_NAME)";
				SWIFT_VERSION = 5.0;
				TARGETED_DEVICE_FAMILY = "1,2";
			};
			name = Debug;
		};
		19CD693F25867B0B00056616 /* Release */ = {
			isa = XCBuildConfiguration;
			buildSettings = {
				ASSETCATALOG_COMPILER_APPICON_NAME = AppIcon;
				ASSETCATALOG_COMPILER_GLOBAL_ACCENT_COLOR_NAME = AccentColor;
				CODE_SIGN_STYLE = Automatic;
				DEVELOPMENT_TEAM = 574Q25SHHF;
				INFOPLIST_FILE = 123/Info.plist;
				LD_RUNPATH_SEARCH_PATHS = (
					"$(inherited)",
					"@executable_path/Frameworks",
				);
				PRODUCT_BUNDLE_IDENTIFIER = "usamaeltmsah.-23";
				PRODUCT_NAME = "$(TARGET_NAME)";
				SWIFT_VERSION = 5.0;
				TARGETED_DEVICE_FAMILY = "1,2";
			};
			name = Release;
		};
		19CD694125867B0B00056616 /* Debug */ = {
			isa = XCBuildConfiguration;
			buildSettings = {
				ALWAYS_EMBED_SWIFT_STANDARD_LIBRARIES = YES;
				BUNDLE_LOADER = "$(TEST_HOST)";
				CODE_SIGN_STYLE = Automatic;
				DEVELOPMENT_TEAM = 574Q25SHHF;
				INFOPLIST_FILE = 123Tests/Info.plist;
				IPHONEOS_DEPLOYMENT_TARGET = 14.2;
				LD_RUNPATH_SEARCH_PATHS = (
					"$(inherited)",
					"@executable_path/Frameworks",
					"@loader_path/Frameworks",
				);
				PRODUCT_BUNDLE_IDENTIFIER = "usamaeltmsah.-23Tests";
				PRODUCT_NAME = "$(TARGET_NAME)";
				SWIFT_VERSION = 5.0;
				TARGETED_DEVICE_FAMILY = "1,2";
				TEST_HOST = "$(BUILT_PRODUCTS_DIR)/123.app/123";
			};
			name = Debug;
		};
		19CD694225867B0B00056616 /* Release */ = {
			isa = XCBuildConfiguration;
			buildSettings = {
				ALWAYS_EMBED_SWIFT_STANDARD_LIBRARIES = YES;
				BUNDLE_LOADER = "$(TEST_HOST)";
				CODE_SIGN_STYLE = Automatic;
				DEVELOPMENT_TEAM = 574Q25SHHF;
				INFOPLIST_FILE = 123Tests/Info.plist;
				IPHONEOS_DEPLOYMENT_TARGET = 14.2;
				LD_RUNPATH_SEARCH_PATHS = (
					"$(inherited)",
					"@executable_path/Frameworks",
					"@loader_path/Frameworks",
				);
				PRODUCT_BUNDLE_IDENTIFIER = "usamaeltmsah.-23Tests";
				PRODUCT_NAME = "$(TARGET_NAME)";
				SWIFT_VERSION = 5.0;
				TARGETED_DEVICE_FAMILY = "1,2";
				TEST_HOST = "$(BUILT_PRODUCTS_DIR)/123.app/123";
			};
			name = Release;
		};
		19CD694425867B0B00056616 /* Debug */ = {
			isa = XCBuildConfiguration;
			buildSettings = {
				ALWAYS_EMBED_SWIFT_STANDARD_LIBRARIES = YES;
				CODE_SIGN_STYLE = Automatic;
				DEVELOPMENT_TEAM = 574Q25SHHF;
				INFOPLIST_FILE = 123UITests/Info.plist;
				LD_RUNPATH_SEARCH_PATHS = (
					"$(inherited)",
					"@executable_path/Frameworks",
					"@loader_path/Frameworks",
				);
				PRODUCT_BUNDLE_IDENTIFIER = "usamaeltmsah.-23UITests";
				PRODUCT_NAME = "$(TARGET_NAME)";
				SWIFT_VERSION = 5.0;
				TARGETED_DEVICE_FAMILY = "1,2";
				TEST_TARGET_NAME = 123;
			};
			name = Debug;
		};
		19CD694525867B0B00056616 /* Release */ = {
			isa = XCBuildConfiguration;
			buildSettings = {
				ALWAYS_EMBED_SWIFT_STANDARD_LIBRARIES = YES;
				CODE_SIGN_STYLE = Automatic;
				DEVELOPMENT_TEAM = 574Q25SHHF;
				INFOPLIST_FILE = 123UITests/Info.plist;
				LD_RUNPATH_SEARCH_PATHS = (
					"$(inherited)",
					"@executable_path/Frameworks",
					"@loader_path/Frameworks",
				);
				PRODUCT_BUNDLE_IDENTIFIER = "usamaeltmsah.-23UITests";
				PRODUCT_NAME = "$(TARGET_NAME)";
				SWIFT_VERSION = 5.0;
				TARGETED_DEVICE_FAMILY = "1,2";
				TEST_TARGET_NAME = 123;
			};
			name = Release;
		};
/* End XCBuildConfiguration section */

/* Begin XCConfigurationList section */
		19CD690E25867B0600056616 /* Build configuration list for PBXProject "123" */ = {
			isa = XCConfigurationList;
			buildConfigurations = (
				19CD693B25867B0B00056616 /* Debug */,
				19CD693C25867B0B00056616 /* Release */,
			);
			defaultConfigurationIsVisible = 0;
			defaultConfigurationName = Release;
		};
		19CD693D25867B0B00056616 /* Build configuration list for PBXNativeTarget "123" */ = {
			isa = XCConfigurationList;
			buildConfigurations = (
				19CD693E25867B0B00056616 /* Debug */,
				19CD693F25867B0B00056616 /* Release */,
			);
			defaultConfigurationIsVisible = 0;
			defaultConfigurationName = Release;
		};
		19CD694025867B0B00056616 /* Build configuration list for PBXNativeTarget "123Tests" */ = {
			isa = XCConfigurationList;
			buildConfigurations = (
				19CD694125867B0B00056616 /* Debug */,
				19CD694225867B0B00056616 /* Release */,
			);
			defaultConfigurationIsVisible = 0;
			defaultConfigurationName = Release;
		};
		19CD694325867B0B00056616 /* Build configuration list for PBXNativeTarget "123UITests" */ = {
			isa = XCConfigurationList;
			buildConfigurations = (
				19CD694425867B0B00056616 /* Debug */,
				19CD694525867B0B00056616 /* Release */,
			);
			defaultConfigurationIsVisible = 0;
			defaultConfigurationName = Release;
		};
/* End XCConfigurationList section */
	};
	rootObject = 19CD690B25867B0600056616 /* Project object */;
}
