// !$*UTF8*$!
{
	archiveVersion = 1;
	classes = {
	};
	objectVersion = 50;
	objects = {

/* Begin PBXBuildFile section */
		1994ADEF25A33E9600B5771D /* AppDelegate.swift in Sources */ = {isa = PBXBuildFile; fileRef = 1994ADEE25A33E9600B5771D /* AppDelegate.swift */; };
		1994ADF125A33E9600B5771D /* SceneDelegate.swift in Sources */ = {isa = PBXBuildFile; fileRef = 1994ADF025A33E9600B5771D /* SceneDelegate.swift */; };
		1994ADF325A33E9600B5771D /* ViewController.swift in Sources */ = {isa = PBXBuildFile; fileRef = 1994ADF225A33E9600B5771D /* ViewController.swift */; };
		1994ADF625A33E9600B5771D /* Main.storyboard in Resources */ = {isa = PBXBuildFile; fileRef = 1994ADF425A33E9600B5771D /* Main.storyboard */; };
		1994ADF825A33E9900B5771D /* Assets.xcassets in Resources */ = {isa = PBXBuildFile; fileRef = 1994ADF725A33E9900B5771D /* Assets.xcassets */; };
		1994ADFB25A33E9900B5771D /* LaunchScreen.storyboard in Resources */ = {isa = PBXBuildFile; fileRef = 1994ADF925A33E9900B5771D /* LaunchScreen.storyboard */; };
		1994AE0425A33F9C00B5771D /* ThingCell.swift in Sources */ = {isa = PBXBuildFile; fileRef = 1994AE0325A33F9C00B5771D /* ThingCell.swift */; };
/* End PBXBuildFile section */

/* Begin PBXFileReference section */
		1994ADEB25A33E9600B5771D /* Projects10-12 Consolidation.app */ = {isa = PBXFileReference; explicitFileType = wrapper.application; includeInIndex = 0; path = "Projects10-12 Consolidation.app"; sourceTree = BUILT_PRODUCTS_DIR; };
		1994ADEE25A33E9600B5771D /* AppDelegate.swift */ = {isa = PBXFileReference; lastKnownFileType = sourcecode.swift; path = AppDelegate.swift; sourceTree = "<group>"; };
		1994ADF025A33E9600B5771D /* SceneDelegate.swift */ = {isa = PBXFileReference; lastKnownFileType = sourcecode.swift; path = SceneDelegate.swift; sourceTree = "<group>"; };
		1994ADF225A33E9600B5771D /* ViewController.swift */ = {isa = PBXFileReference; lastKnownFileType = sourcecode.swift; path = ViewController.swift; sourceTree = "<group>"; };
		1994ADF525A33E9600B5771D /* Base */ = {isa = PBXFileReference; lastKnownFileType = file.storyboard; name = Base; path = Base.lproj/Main.storyboard; sourceTree = "<group>"; };
		1994ADF725A33E9900B5771D /* Assets.xcassets */ = {isa = PBXFileReference; lastKnownFileType = folder.assetcatalog; path = Assets.xcassets; sourceTree = "<group>"; };
		1994ADFA25A33E9900B5771D /* Base */ = {isa = PBXFileReference; lastKnownFileType = file.storyboard; name = Base; path = Base.lproj/LaunchScreen.storyboard; sourceTree = "<group>"; };
		1994ADFC25A33E9900B5771D /* Info.plist */ = {isa = PBXFileReference; lastKnownFileType = text.plist.xml; path = Info.plist; sourceTree = "<group>"; };
		1994AE0325A33F9C00B5771D /* ThingCell.swift */ = {isa = PBXFileReference; lastKnownFileType = sourcecode.swift; path = ThingCell.swift; sourceTree = "<group>"; };
/* End PBXFileReference section */

/* Begin PBXFrameworksBuildPhase section */
		1994ADE825A33E9600B5771D /* Frameworks */ = {
			isa = PBXFrameworksBuildPhase;
			buildActionMask = 2147483647;
			files = (
			);
			runOnlyForDeploymentPostprocessing = 0;
		};
/* End PBXFrameworksBuildPhase section */

/* Begin PBXGroup section */
		1994ADE225A33E9600B5771D = {
			isa = PBXGroup;
			children = (
				1994ADED25A33E9600B5771D /* Projects10-12 Consolidation */,
				1994ADEC25A33E9600B5771D /* Products */,
			);
			sourceTree = "<group>";
		};
		1994ADEC25A33E9600B5771D /* Products */ = {
			isa = PBXGroup;
			children = (
				1994ADEB25A33E9600B5771D /* Projects10-12 Consolidation.app */,
			);
			name = Products;
			sourceTree = "<group>";
		};
		1994ADED25A33E9600B5771D /* Projects10-12 Consolidation */ = {
			isa = PBXGroup;
			children = (
				1994ADEE25A33E9600B5771D /* AppDelegate.swift */,
				1994ADF025A33E9600B5771D /* SceneDelegate.swift */,
				1994ADF225A33E9600B5771D /* ViewController.swift */,
				1994ADF425A33E9600B5771D /* Main.storyboard */,
				1994AE0325A33F9C00B5771D /* ThingCell.swift */,
				1994ADF725A33E9900B5771D /* Assets.xcassets */,
				1994ADF925A33E9900B5771D /* LaunchScreen.storyboard */,
				1994ADFC25A33E9900B5771D /* Info.plist */,
			);
			path = "Projects10-12 Consolidation";
			sourceTree = "<group>";
		};
/* End PBXGroup section */

/* Begin PBXNativeTarget section */
		1994ADEA25A33E9600B5771D /* Projects10-12 Consolidation */ = {
			isa = PBXNativeTarget;
			buildConfigurationList = 1994ADFF25A33E9900B5771D /* Build configuration list for PBXNativeTarget "Projects10-12 Consolidation" */;
			buildPhases = (
				1994ADE725A33E9600B5771D /* Sources */,
				1994ADE825A33E9600B5771D /* Frameworks */,
				1994ADE925A33E9600B5771D /* Resources */,
			);
			buildRules = (
			);
			dependencies = (
			);
			name = "Projects10-12 Consolidation";
			productName = "Projects10-12 Consolidation";
			productReference = 1994ADEB25A33E9600B5771D /* Projects10-12 Consolidation.app */;
			productType = "com.apple.product-type.application";
		};
/* End PBXNativeTarget section */

/* Begin PBXProject section */
		1994ADE325A33E9600B5771D /* Project object */ = {
			isa = PBXProject;
			attributes = {
				LastSwiftUpdateCheck = 1230;
				LastUpgradeCheck = 1230;
				TargetAttributes = {
					1994ADEA25A33E9600B5771D = {
						CreatedOnToolsVersion = 12.3;
					};
				};
			};
			buildConfigurationList = 1994ADE625A33E9600B5771D /* Build configuration list for PBXProject "Projects10-12 Consolidation" */;
			compatibilityVersion = "Xcode 9.3";
			developmentRegion = en;
			hasScannedForEncodings = 0;
			knownRegions = (
				en,
				Base,
			);
			mainGroup = 1994ADE225A33E9600B5771D;
			productRefGroup = 1994ADEC25A33E9600B5771D /* Products */;
			projectDirPath = "";
			projectRoot = "";
			targets = (
				1994ADEA25A33E9600B5771D /* Projects10-12 Consolidation */,
			);
		};
/* End PBXProject section */

/* Begin PBXResourcesBuildPhase section */
		1994ADE925A33E9600B5771D /* Resources */ = {
			isa = PBXResourcesBuildPhase;
			buildActionMask = 2147483647;
			files = (
				1994ADFB25A33E9900B5771D /* LaunchScreen.storyboard in Resources */,
				1994ADF825A33E9900B5771D /* Assets.xcassets in Resources */,
				1994ADF625A33E9600B5771D /* Main.storyboard in Resources */,
			);
			runOnlyForDeploymentPostprocessing = 0;
		};
/* End PBXResourcesBuildPhase section */

/* Begin PBXSourcesBuildPhase section */
		1994ADE725A33E9600B5771D /* Sources */ = {
			isa = PBXSourcesBuildPhase;
			buildActionMask = 2147483647;
			files = (
				1994AE0425A33F9C00B5771D /* ThingCell.swift in Sources */,
				1994ADF325A33E9600B5771D /* ViewController.swift in Sources */,
				1994ADEF25A33E9600B5771D /* AppDelegate.swift in Sources */,
				1994ADF125A33E9600B5771D /* SceneDelegate.swift in Sources */,
			);
			runOnlyForDeploymentPostprocessing = 0;
		};
/* End PBXSourcesBuildPhase section */

/* Begin PBXVariantGroup section */
		1994ADF425A33E9600B5771D /* Main.storyboard */ = {
			isa = PBXVariantGroup;
			children = (
				1994ADF525A33E9600B5771D /* Base */,
			);
			name = Main.storyboard;
			sourceTree = "<group>";
		};
		1994ADF925A33E9900B5771D /* LaunchScreen.storyboard */ = {
			isa = PBXVariantGroup;
			children = (
				1994ADFA25A33E9900B5771D /* Base */,
			);
			name = LaunchScreen.storyboard;
			sourceTree = "<group>";
		};
/* End PBXVariantGroup section */

/* Begin XCBuildConfiguration section */
		1994ADFD25A33E9900B5771D /* Debug */ = {
			isa = XCBuildConfiguration;
			buildSettings = {
				ALWAYS_SEARCH_USER_PATHS = NO;
				CLANG_ANALYZER_NONNULL = YES;
				CLANG_ANALYZER_NUMBER_OBJECT_CONVERSION = YES_AGGRESSIVE;
				CLANG_CXX_LANGUAGE_STANDARD = "gnu++14";
				CLANG_CXX_LIBRARY = "libc++";
				CLANG_ENABLE_MODULES = YES;
				CLANG_ENABLE_OBJC_ARC = YES;
				CLANG_ENABLE_OBJC_WEAK = YES;
				CLANG_WARN_BLOCK_CAPTURE_AUTORELEASING = YES;
				CLANG_WARN_BOOL_CONVERSION = YES;
				CLANG_WARN_COMMA = YES;
				CLANG_WARN_CONSTANT_CONVERSION = YES;
				CLANG_WARN_DEPRECATED_OBJC_IMPLEMENTATIONS = YES;
				CLANG_WARN_DIRECT_OBJC_ISA_USAGE = YES_ERROR;
				CLANG_WARN_DOCUMENTATION_COMMENTS = YES;
				CLANG_WARN_EMPTY_BODY = YES;
				CLANG_WARN_ENUM_CONVERSION = YES;
				CLANG_WARN_INFINITE_RECURSION = YES;
				CLANG_WARN_INT_CONVERSION = YES;
				CLANG_WARN_NON_LITERAL_NULL_CONVERSION = YES;
				CLANG_WARN_OBJC_IMPLICIT_RETAIN_SELF = YES;
				CLANG_WARN_OBJC_LITERAL_CONVERSION = YES;
				CLANG_WARN_OBJC_ROOT_CLASS = YES_ERROR;
				CLANG_WARN_QUOTED_INCLUDE_IN_FRAMEWORK_HEADER = YES;
				CLANG_WARN_RANGE_LOOP_ANALYSIS = YES;
				CLANG_WARN_STRICT_PROTOTYPES = YES;
				CLANG_WARN_SUSPICIOUS_MOVE = YES;
				CLANG_WARN_UNGUARDED_AVAILABILITY = YES_AGGRESSIVE;
				CLANG_WARN_UNREACHABLE_CODE = YES;
				CLANG_WARN__DUPLICATE_METHOD_MATCH = YES;
				COPY_PHASE_STRIP = NO;
				DEBUG_INFORMATION_FORMAT = dwarf;
				ENABLE_STRICT_OBJC_MSGSEND = YES;
				ENABLE_TESTABILITY = YES;
				GCC_C_LANGUAGE_STANDARD = gnu11;
				GCC_DYNAMIC_NO_PIC = NO;
				GCC_NO_COMMON_BLOCKS = YES;
				GCC_OPTIMIZATION_LEVEL = 0;
				GCC_PREPROCESSOR_DEFINITIONS = (
					"DEBUG=1",
					"$(inherited)",
				);
				GCC_WARN_64_TO_32_BIT_CONVERSION = YES;
				GCC_WARN_ABOUT_RETURN_TYPE = YES_ERROR;
				GCC_WARN_UNDECLARED_SELECTOR = YES;
				GCC_WARN_UNINITIALIZED_AUTOS = YES_AGGRESSIVE;
				GCC_WARN_UNUSED_FUNCTION = YES;
				GCC_WARN_UNUSED_VARIABLE = YES;
				IPHONEOS_DEPLOYMENT_TARGET = 14.3;
				MTL_ENABLE_DEBUG_INFO = INCLUDE_SOURCE;
				MTL_FAST_MATH = YES;
				ONLY_ACTIVE_ARCH = YES;
				SDKROOT = iphoneos;
				SWIFT_ACTIVE_COMPILATION_CONDITIONS = DEBUG;
				SWIFT_OPTIMIZATION_LEVEL = "-Onone";
			};
			name = Debug;
		};
		1994ADFE25A33E9900B5771D /* Release */ = {
			isa = XCBuildConfiguration;
			buildSettings = {
				ALWAYS_SEARCH_USER_PATHS = NO;
				CLANG_ANALYZER_NONNULL = YES;
				CLANG_ANALYZER_NUMBER_OBJECT_CONVERSION = YES_AGGRESSIVE;
				CLANG_CXX_LANGUAGE_STANDARD = "gnu++14";
				CLANG_CXX_LIBRARY = "libc++";
				CLANG_ENABLE_MODULES = YES;
				CLANG_ENABLE_OBJC_ARC = YES;
				CLANG_ENABLE_OBJC_WEAK = YES;
				CLANG_WARN_BLOCK_CAPTURE_AUTORELEASING = YES;
				CLANG_WARN_BOOL_CONVERSION = YES;
				CLANG_WARN_COMMA = YES;
				CLANG_WARN_CONSTANT_CONVERSION = YES;
				CLANG_WARN_DEPRECATED_OBJC_IMPLEMENTATIONS = YES;
				CLANG_WARN_DIRECT_OBJC_ISA_USAGE = YES_ERROR;
				CLANG_WARN_DOCUMENTATION_COMMENTS = YES;
				CLANG_WARN_EMPTY_BODY = YES;
				CLANG_WARN_ENUM_CONVERSION = YES;
				CLANG_WARN_INFINITE_RECURSION = YES;
				CLANG_WARN_INT_CONVERSION = YES;
				CLANG_WARN_NON_LITERAL_NULL_CONVERSION = YES;
				CLANG_WARN_OBJC_IMPLICIT_RETAIN_SELF = YES;
				CLANG_WARN_OBJC_LITERAL_CONVERSION = YES;
				CLANG_WARN_OBJC_ROOT_CLASS = YES_ERROR;
				CLANG_WARN_QUOTED_INCLUDE_IN_FRAMEWORK_HEADER = YES;
				CLANG_WARN_RANGE_LOOP_ANALYSIS = YES;
				CLANG_WARN_STRICT_PROTOTYPES = YES;
				CLANG_WARN_SUSPICIOUS_MOVE = YES;
				CLANG_WARN_UNGUARDED_AVAILABILITY = YES_AGGRESSIVE;
				CLANG_WARN_UNREACHABLE_CODE = YES;
				CLANG_WARN__DUPLICATE_METHOD_MATCH = YES;
				COPY_PHASE_STRIP = NO;
				DEBUG_INFORMATION_FORMAT = "dwarf-with-dsym";
				ENABLE_NS_ASSERTIONS = NO;
				ENABLE_STRICT_OBJC_MSGSEND = YES;
				GCC_C_LANGUAGE_STANDARD = gnu11;
				GCC_NO_COMMON_BLOCKS = YES;
				GCC_WARN_64_TO_32_BIT_CONVERSION = YES;
				GCC_WARN_ABOUT_RETURN_TYPE = YES_ERROR;
				GCC_WARN_UNDECLARED_SELECTOR = YES;
				GCC_WARN_UNINITIALIZED_AUTOS = YES_AGGRESSIVE;
				GCC_WARN_UNUSED_FUNCTION = YES;
				GCC_WARN_UNUSED_VARIABLE = YES;
				IPHONEOS_DEPLOYMENT_TARGET = 14.3;
				MTL_ENABLE_DEBUG_INFO = NO;
				MTL_FAST_MATH = YES;
				SDKROOT = iphoneos;
				SWIFT_COMPILATION_MODE = wholemodule;
				SWIFT_OPTIMIZATION_LEVEL = "-O";
				VALIDATE_PRODUCT = YES;
			};
			name = Release;
		};
		1994AE0025A33E9900B5771D /* Debug */ = {
			isa = XCBuildConfiguration;
			buildSettings = {
				ASSETCATALOG_COMPILER_APPICON_NAME = AppIcon;
				ASSETCATALOG_COMPILER_GLOBAL_ACCENT_COLOR_NAME = AccentColor;
				CODE_SIGN_STYLE = Automatic;
				DEVELOPMENT_TEAM = 2DQV4CFN7G;
				INFOPLIST_FILE = "Projects10-12 Consolidation/Info.plist";
				LD_RUNPATH_SEARCH_PATHS = (
					"$(inherited)",
					"@executable_path/Frameworks",
				);
				PRODUCT_BUNDLE_IDENTIFIER = "usamaeltmsah.Projects10-12-Consolidation";
				PRODUCT_NAME = "$(TARGET_NAME)";
				SWIFT_VERSION = 5.0;
				TARGETED_DEVICE_FAMILY = "1,2";
			};
			name = Debug;
		};
		1994AE0125A33E9900B5771D /* Release */ = {
			isa = XCBuildConfiguration;
			buildSettings = {
				ASSETCATALOG_COMPILER_APPICON_NAME = AppIcon;
				ASSETCATALOG_COMPILER_GLOBAL_ACCENT_COLOR_NAME = AccentColor;
				CODE_SIGN_STYLE = Automatic;
				DEVELOPMENT_TEAM = 2DQV4CFN7G;
				INFOPLIST_FILE = "Projects10-12 Consolidation/Info.plist";
				LD_RUNPATH_SEARCH_PATHS = (
					"$(inherited)",
					"@executable_path/Frameworks",
				);
				PRODUCT_BUNDLE_IDENTIFIER = "usamaeltmsah.Projects10-12-Consolidation";
				PRODUCT_NAME = "$(TARGET_NAME)";
				SWIFT_VERSION = 5.0;
				TARGETED_DEVICE_FAMILY = "1,2";
			};
			name = Release;
		};
/* End XCBuildConfiguration section */

/* Begin XCConfigurationList section */
		1994ADE625A33E9600B5771D /* Build configuration list for PBXProject "Projects10-12 Consolidation" */ = {
			isa = XCConfigurationList;
			buildConfigurations = (
				1994ADFD25A33E9900B5771D /* Debug */,
				1994ADFE25A33E9900B5771D /* Release */,
			);
			defaultConfigurationIsVisible = 0;
			defaultConfigurationName = Release;
		};
		1994ADFF25A33E9900B5771D /* Build configuration list for PBXNativeTarget "Projects10-12 Consolidation" */ = {
			isa = XCConfigurationList;
			buildConfigurations = (
				1994AE0025A33E9900B5771D /* Debug */,
				1994AE0125A33E9900B5771D /* Release */,
			);
			defaultConfigurationIsVisible = 0;
			defaultConfigurationName = Release;
		};
/* End XCConfigurationList section */
	};
	rootObject = 1994ADE325A33E9600B5771D /* Project object */;
}
