// !$*UTF8*$!
{
	archiveVersion = 1;
	classes = {
	};
	objectVersion = 50;
	objects = {

/* Begin PBXBuildFile section */
		19C7CD3225AE28CB00FF225B /* AppDelegate.swift in Sources */ = {isa = PBXBuildFile; fileRef = 19C7CD3125AE28CB00FF225B /* AppDelegate.swift */; };
		19C7CD3425AE28CB00FF225B /* SceneDelegate.swift in Sources */ = {isa = PBXBuildFile; fileRef = 19C7CD3325AE28CB00FF225B /* SceneDelegate.swift */; };
		19C7CD3625AE28CB00FF225B /* ViewController.swift in Sources */ = {isa = PBXBuildFile; fileRef = 19C7CD3525AE28CB00FF225B /* ViewController.swift */; };
		19C7CD3925AE28CB00FF225B /* Main.storyboard in Resources */ = {isa = PBXBuildFile; fileRef = 19C7CD3725AE28CB00FF225B /* Main.storyboard */; };
		19C7CD3B25AE28CF00FF225B /* Assets.xcassets in Resources */ = {isa = PBXBuildFile; fileRef = 19C7CD3A25AE28CF00FF225B /* Assets.xcassets */; };
		19C7CD3E25AE28CF00FF225B /* LaunchScreen.storyboard in Resources */ = {isa = PBXBuildFile; fileRef = 19C7CD3C25AE28CF00FF225B /* LaunchScreen.storyboard */; };
/* End PBXBuildFile section */

/* Begin PBXFileReference section */
		19C7CD2E25AE28CB00FF225B /* Projects13-15-Consolidation.app */ = {isa = PBXFileReference; explicitFileType = wrapper.application; includeInIndex = 0; path = "Projects13-15-Consolidation.app"; sourceTree = BUILT_PRODUCTS_DIR; };
		19C7CD3125AE28CB00FF225B /* AppDelegate.swift */ = {isa = PBXFileReference; lastKnownFileType = sourcecode.swift; path = AppDelegate.swift; sourceTree = "<group>"; };
		19C7CD3325AE28CB00FF225B /* SceneDelegate.swift */ = {isa = PBXFileReference; lastKnownFileType = sourcecode.swift; path = SceneDelegate.swift; sourceTree = "<group>"; };
		19C7CD3525AE28CB00FF225B /* ViewController.swift */ = {isa = PBXFileReference; lastKnownFileType = sourcecode.swift; path = ViewController.swift; sourceTree = "<group>"; };
		19C7CD3825AE28CB00FF225B /* Base */ = {isa = PBXFileReference; lastKnownFileType = file.storyboard; name = Base; path = Base.lproj/Main.storyboard; sourceTree = "<group>"; };
		19C7CD3A25AE28CF00FF225B /* Assets.xcassets */ = {isa = PBXFileReference; lastKnownFileType = folder.assetcatalog; path = Assets.xcassets; sourceTree = "<group>"; };
		19C7CD3D25AE28CF00FF225B /* Base */ = {isa = PBXFileReference; lastKnownFileType = file.storyboard; name = Base; path = Base.lproj/LaunchScreen.storyboard; sourceTree = "<group>"; };
		19C7CD3F25AE28CF00FF225B /* Info.plist */ = {isa = PBXFileReference; lastKnownFileType = text.plist.xml; path = Info.plist; sourceTree = "<group>"; };
/* End PBXFileReference section */

/* Begin PBXFrameworksBuildPhase section */
		19C7CD2B25AE28CB00FF225B /* Frameworks */ = {
			isa = PBXFrameworksBuildPhase;
			buildActionMask = 2147483647;
			files = (
			);
			runOnlyForDeploymentPostprocessing = 0;
		};
/* End PBXFrameworksBuildPhase section */

/* Begin PBXGroup section */
		19C7CD2525AE28CB00FF225B = {
			isa = PBXGroup;
			children = (
				19C7CD3025AE28CB00FF225B /* Projects13-15-Consolidation */,
				19C7CD2F25AE28CB00FF225B /* Products */,
			);
			sourceTree = "<group>";
		};
		19C7CD2F25AE28CB00FF225B /* Products */ = {
			isa = PBXGroup;
			children = (
				19C7CD2E25AE28CB00FF225B /* Projects13-15-Consolidation.app */,
			);
			name = Products;
			sourceTree = "<group>";
		};
		19C7CD3025AE28CB00FF225B /* Projects13-15-Consolidation */ = {
			isa = PBXGroup;
			children = (
				19C7CD3125AE28CB00FF225B /* AppDelegate.swift */,
				19C7CD3325AE28CB00FF225B /* SceneDelegate.swift */,
				19C7CD3525AE28CB00FF225B /* ViewController.swift */,
				19C7CD3725AE28CB00FF225B /* Main.storyboard */,
				19C7CD3A25AE28CF00FF225B /* Assets.xcassets */,
				19C7CD3C25AE28CF00FF225B /* LaunchScreen.storyboard */,
				19C7CD3F25AE28CF00FF225B /* Info.plist */,
			);
			path = "Projects13-15-Consolidation";
			sourceTree = "<group>";
		};
/* End PBXGroup section */

/* Begin PBXNativeTarget section */
		19C7CD2D25AE28CB00FF225B /* Projects13-15-Consolidation */ = {
			isa = PBXNativeTarget;
			buildConfigurationList = 19C7CD4225AE28CF00FF225B /* Build configuration list for PBXNativeTarget "Projects13-15-Consolidation" */;
			buildPhases = (
				19C7CD2A25AE28CB00FF225B /* Sources */,
				19C7CD2B25AE28CB00FF225B /* Frameworks */,
				19C7CD2C25AE28CB00FF225B /* Resources */,
			);
			buildRules = (
			);
			dependencies = (
			);
			name = "Projects13-15-Consolidation";
			productName = "Projects13-15-Consolidation";
			productReference = 19C7CD2E25AE28CB00FF225B /* Projects13-15-Consolidation.app */;
			productType = "com.apple.product-type.application";
		};
/* End PBXNativeTarget section */

/* Begin PBXProject section */
		19C7CD2625AE28CB00FF225B /* Project object */ = {
			isa = PBXProject;
			attributes = {
				LastSwiftUpdateCheck = 1230;
				LastUpgradeCheck = 1230;
				TargetAttributes = {
					19C7CD2D25AE28CB00FF225B = {
						CreatedOnToolsVersion = 12.3;
					};
				};
			};
			buildConfigurationList = 19C7CD2925AE28CB00FF225B /* Build configuration list for PBXProject "Projects13-15-Consolidation" */;
			compatibilityVersion = "Xcode 9.3";
			developmentRegion = en;
			hasScannedForEncodings = 0;
			knownRegions = (
				en,
				Base,
			);
			mainGroup = 19C7CD2525AE28CB00FF225B;
			productRefGroup = 19C7CD2F25AE28CB00FF225B /* Products */;
			projectDirPath = "";
			projectRoot = "";
			targets = (
				19C7CD2D25AE28CB00FF225B /* Projects13-15-Consolidation */,
			);
		};
/* End PBXProject section */

/* Begin PBXResourcesBuildPhase section */
		19C7CD2C25AE28CB00FF225B /* Resources */ = {
			isa = PBXResourcesBuildPhase;
			buildActionMask = 2147483647;
			files = (
				19C7CD3E25AE28CF00FF225B /* LaunchScreen.storyboard in Resources */,
				19C7CD3B25AE28CF00FF225B /* Assets.xcassets in Resources */,
				19C7CD3925AE28CB00FF225B /* Main.storyboard in Resources */,
			);
			runOnlyForDeploymentPostprocessing = 0;
		};
/* End PBXResourcesBuildPhase section */

/* Begin PBXSourcesBuildPhase section */
		19C7CD2A25AE28CB00FF225B /* Sources */ = {
			isa = PBXSourcesBuildPhase;
			buildActionMask = 2147483647;
			files = (
				19C7CD3625AE28CB00FF225B /* ViewController.swift in Sources */,
				19C7CD3225AE28CB00FF225B /* AppDelegate.swift in Sources */,
				19C7CD3425AE28CB00FF225B /* SceneDelegate.swift in Sources */,
			);
			runOnlyForDeploymentPostprocessing = 0;
		};
/* End PBXSourcesBuildPhase section */

/* Begin PBXVariantGroup section */
		19C7CD3725AE28CB00FF225B /* Main.storyboard */ = {
			isa = PBXVariantGroup;
			children = (
				19C7CD3825AE28CB00FF225B /* Base */,
			);
			name = Main.storyboard;
			sourceTree = "<group>";
		};
		19C7CD3C25AE28CF00FF225B /* LaunchScreen.storyboard */ = {
			isa = PBXVariantGroup;
			children = (
				19C7CD3D25AE28CF00FF225B /* Base */,
			);
			name = LaunchScreen.storyboard;
			sourceTree = "<group>";
		};
/* End PBXVariantGroup section */

/* Begin XCBuildConfiguration section */
		19C7CD4025AE28CF00FF225B /* Debug */ = {
			isa = XCBuildConfiguration;
			buildSettings = {
				ALWAYS_SEARCH_USER_PATHS = NO;
				CLANG_ANALYZER_NONNULL = YES;
				CLANG_ANALYZER_NUMBER_OBJECT_CONVERSION = YES_AGGRESSIVE;
				CLANG_CXX_LANGUAGE_STANDARD = "gnu++14";
				CLANG_CXX_LIBRARY = "libc++";
				CLANG_ENABLE_MODULES = YES;
				CLANG_ENABLE_OBJC_ARC = YES;
				CLANG_ENABLE_OBJC_WEAK = YES;
				CLANG_WARN_BLOCK_CAPTURE_AUTORELEASING = YES;
				CLANG_WARN_BOOL_CONVERSION = YES;
				CLANG_WARN_COMMA = YES;
				CLANG_WARN_CONSTANT_CONVERSION = YES;
				CLANG_WARN_DEPRECATED_OBJC_IMPLEMENTATIONS = YES;
				CLANG_WARN_DIRECT_OBJC_ISA_USAGE = YES_ERROR;
				CLANG_WARN_DOCUMENTATION_COMMENTS = YES;
				CLANG_WARN_EMPTY_BODY = YES;
				CLANG_WARN_ENUM_CONVERSION = YES;
				CLANG_WARN_INFINITE_RECURSION = YES;
				CLANG_WARN_INT_CONVERSION = YES;
				CLANG_WARN_NON_LITERAL_NULL_CONVERSION = YES;
				CLANG_WARN_OBJC_IMPLICIT_RETAIN_SELF = YES;
				CLANG_WARN_OBJC_LITERAL_CONVERSION = YES;
				CLANG_WARN_OBJC_ROOT_CLASS = YES_ERROR;
				CLANG_WARN_QUOTED_INCLUDE_IN_FRAMEWORK_HEADER = YES;
				CLANG_WARN_RANGE_LOOP_ANALYSIS = YES;
				CLANG_WARN_STRICT_PROTOTYPES = YES;
				CLANG_WARN_SUSPICIOUS_MOVE = YES;
				CLANG_WARN_UNGUARDED_AVAILABILITY = YES_AGGRESSIVE;
				CLANG_WARN_UNREACHABLE_CODE = YES;
				CLANG_WARN__DUPLICATE_METHOD_MATCH = YES;
				COPY_PHASE_STRIP = NO;
				DEBUG_INFORMATION_FORMAT = dwarf;
				ENABLE_STRICT_OBJC_MSGSEND = YES;
				ENABLE_TESTABILITY = YES;
				GCC_C_LANGUAGE_STANDARD = gnu11;
				GCC_DYNAMIC_NO_PIC = NO;
				GCC_NO_COMMON_BLOCKS = YES;
				GCC_OPTIMIZATION_LEVEL = 0;
				GCC_PREPROCESSOR_DEFINITIONS = (
					"DEBUG=1",
					"$(inherited)",
				);
				GCC_WARN_64_TO_32_BIT_CONVERSION = YES;
				GCC_WARN_ABOUT_RETURN_TYPE = YES_ERROR;
				GCC_WARN_UNDECLARED_SELECTOR = YES;
				GCC_WARN_UNINITIALIZED_AUTOS = YES_AGGRESSIVE;
				GCC_WARN_UNUSED_FUNCTION = YES;
				GCC_WARN_UNUSED_VARIABLE = YES;
				IPHONEOS_DEPLOYMENT_TARGET = 14.3;
				MTL_ENABLE_DEBUG_INFO = INCLUDE_SOURCE;
				MTL_FAST_MATH = YES;
				ONLY_ACTIVE_ARCH = YES;
				SDKROOT = iphoneos;
				SWIFT_ACTIVE_COMPILATION_CONDITIONS = DEBUG;
				SWIFT_OPTIMIZATION_LEVEL = "-Onone";
			};
			name = Debug;
		};
		19C7CD4125AE28CF00FF225B /* Release */ = {
			isa = XCBuildConfiguration;
			buildSettings = {
				ALWAYS_SEARCH_USER_PATHS = NO;
				CLANG_ANALYZER_NONNULL = YES;
				CLANG_ANALYZER_NUMBER_OBJECT_CONVERSION = YES_AGGRESSIVE;
				CLANG_CXX_LANGUAGE_STANDARD = "gnu++14";
				CLANG_CXX_LIBRARY = "libc++";
				CLANG_ENABLE_MODULES = YES;
				CLANG_ENABLE_OBJC_ARC = YES;
				CLANG_ENABLE_OBJC_WEAK = YES;
				CLANG_WARN_BLOCK_CAPTURE_AUTORELEASING = YES;
				CLANG_WARN_BOOL_CONVERSION = YES;
				CLANG_WARN_COMMA = YES;
				CLANG_WARN_CONSTANT_CONVERSION = YES;
				CLANG_WARN_DEPRECATED_OBJC_IMPLEMENTATIONS = YES;
				CLANG_WARN_DIRECT_OBJC_ISA_USAGE = YES_ERROR;
				CLANG_WARN_DOCUMENTATION_COMMENTS = YES;
				CLANG_WARN_EMPTY_BODY = YES;
				CLANG_WARN_ENUM_CONVERSION = YES;
				CLANG_WARN_INFINITE_RECURSION = YES;
				CLANG_WARN_INT_CONVERSION = YES;
				CLANG_WARN_NON_LITERAL_NULL_CONVERSION = YES;
				CLANG_WARN_OBJC_IMPLICIT_RETAIN_SELF = YES;
				CLANG_WARN_OBJC_LITERAL_CONVERSION = YES;
				CLANG_WARN_OBJC_ROOT_CLASS = YES_ERROR;
				CLANG_WARN_QUOTED_INCLUDE_IN_FRAMEWORK_HEADER = YES;
				CLANG_WARN_RANGE_LOOP_ANALYSIS = YES;
				CLANG_WARN_STRICT_PROTOTYPES = YES;
				CLANG_WARN_SUSPICIOUS_MOVE = YES;
				CLANG_WARN_UNGUARDED_AVAILABILITY = YES_AGGRESSIVE;
				CLANG_WARN_UNREACHABLE_CODE = YES;
				CLANG_WARN__DUPLICATE_METHOD_MATCH = YES;
				COPY_PHASE_STRIP = NO;
				DEBUG_INFORMATION_FORMAT = "dwarf-with-dsym";
				ENABLE_NS_ASSERTIONS = NO;
				ENABLE_STRICT_OBJC_MSGSEND = YES;
				GCC_C_LANGUAGE_STANDARD = gnu11;
				GCC_NO_COMMON_BLOCKS = YES;
				GCC_WARN_64_TO_32_BIT_CONVERSION = YES;
				GCC_WARN_ABOUT_RETURN_TYPE = YES_ERROR;
				GCC_WARN_UNDECLARED_SELECTOR = YES;
				GCC_WARN_UNINITIALIZED_AUTOS = YES_AGGRESSIVE;
				GCC_WARN_UNUSED_FUNCTION = YES;
				GCC_WARN_UNUSED_VARIABLE = YES;
				IPHONEOS_DEPLOYMENT_TARGET = 14.3;
				MTL_ENABLE_DEBUG_INFO = NO;
				MTL_FAST_MATH = YES;
				SDKROOT = iphoneos;
				SWIFT_COMPILATION_MODE = wholemodule;
				SWIFT_OPTIMIZATION_LEVEL = "-O";
				VALIDATE_PRODUCT = YES;
			};
			name = Release;
		};
		19C7CD4325AE28CF00FF225B /* Debug */ = {
			isa = XCBuildConfiguration;
			buildSettings = {
				ASSETCATALOG_COMPILER_APPICON_NAME = AppIcon;
				ASSETCATALOG_COMPILER_GLOBAL_ACCENT_COLOR_NAME = AccentColor;
				CODE_SIGN_STYLE = Automatic;
				DEVELOPMENT_TEAM = 2DQV4CFN7G;
				INFOPLIST_FILE = "Projects13-15-Consolidation/Info.plist";
				LD_RUNPATH_SEARCH_PATHS = (
					"$(inherited)",
					"@executable_path/Frameworks",
				);
				PRODUCT_BUNDLE_IDENTIFIER = "usamaeltmsah.Projects13-15-Consolidation";
				PRODUCT_NAME = "$(TARGET_NAME)";
				SWIFT_VERSION = 5.0;
				TARGETED_DEVICE_FAMILY = "1,2";
			};
			name = Debug;
		};
		19C7CD4425AE28CF00FF225B /* Release */ = {
			isa = XCBuildConfiguration;
			buildSettings = {
				ASSETCATALOG_COMPILER_APPICON_NAME = AppIcon;
				ASSETCATALOG_COMPILER_GLOBAL_ACCENT_COLOR_NAME = AccentColor;
				CODE_SIGN_STYLE = Automatic;
				DEVELOPMENT_TEAM = 2DQV4CFN7G;
				INFOPLIST_FILE = "Projects13-15-Consolidation/Info.plist";
				LD_RUNPATH_SEARCH_PATHS = (
					"$(inherited)",
					"@executable_path/Frameworks",
				);
				PRODUCT_BUNDLE_IDENTIFIER = "usamaeltmsah.Projects13-15-Consolidation";
				PRODUCT_NAME = "$(TARGET_NAME)";
				SWIFT_VERSION = 5.0;
				TARGETED_DEVICE_FAMILY = "1,2";
			};
			name = Release;
		};
/* End XCBuildConfiguration section */

/* Begin XCConfigurationList section */
		19C7CD2925AE28CB00FF225B /* Build configuration list for PBXProject "Projects13-15-Consolidation" */ = {
			isa = XCConfigurationList;
			buildConfigurations = (
				19C7CD4025AE28CF00FF225B /* Debug */,
				19C7CD4125AE28CF00FF225B /* Release */,
			);
			defaultConfigurationIsVisible = 0;
			defaultConfigurationName = Release;
		};
		19C7CD4225AE28CF00FF225B /* Build configuration list for PBXNativeTarget "Projects13-15-Consolidation" */ = {
			isa = XCConfigurationList;
			buildConfigurations = (
				19C7CD4325AE28CF00FF225B /* Debug */,
				19C7CD4425AE28CF00FF225B /* Release */,
			);
			defaultConfigurationIsVisible = 0;
			defaultConfigurationName = Release;
		};
/* End XCConfigurationList section */
	};
	rootObject = 19C7CD2625AE28CB00FF225B /* Project object */;
}
