// !$*UTF8*$!
{
	archiveVersion = 1;
	classes = {
	};
	objectVersion = 50;
	objects = {

/* Begin PBXBuildFile section */
		19946AD5259A63A500AEE83F /* AppDelegate.swift in Sources */ = {isa = PBXBuildFile; fileRef = 19946AD4259A63A500AEE83F /* AppDelegate.swift */; };
		19946AD7259A63A500AEE83F /* SceneDelegate.swift in Sources */ = {isa = PBXBuildFile; fileRef = 19946AD6259A63A500AEE83F /* SceneDelegate.swift */; };
		19946AD9259A63A500AEE83F /* ViewController.swift in Sources */ = {isa = PBXBuildFile; fileRef = 19946AD8259A63A500AEE83F /* ViewController.swift */; };
		19946ADC259A63A500AEE83F /* Main.storyboard in Resources */ = {isa = PBXBuildFile; fileRef = 19946ADA259A63A500AEE83F /* Main.storyboard */; };
		19946ADE259A63AB00AEE83F /* Assets.xcassets in Resources */ = {isa = PBXBuildFile; fileRef = 19946ADD259A63AB00AEE83F /* Assets.xcassets */; };
		19946AE1259A63AB00AEE83F /* LaunchScreen.storyboard in Resources */ = {isa = PBXBuildFile; fileRef = 19946ADF259A63AB00AEE83F /* LaunchScreen.storyboard */; };
		19946AEF259A741E00AEE83F /* words.txt in Resources */ = {isa = PBXBuildFile; fileRef = 19946AEE259A741E00AEE83F /* words.txt */; };
		19946AF2259BB88300AEE83F /* stringExt.swift in Sources */ = {isa = PBXBuildFile; fileRef = 19946AF1259BB88300AEE83F /* stringExt.swift */; };
/* End PBXBuildFile section */

/* Begin PBXFileReference section */
		19946AD1259A63A500AEE83F /* Projects 7-9 Consolidation.app */ = {isa = PBXFileReference; explicitFileType = wrapper.application; includeInIndex = 0; path = "Projects 7-9 Consolidation.app"; sourceTree = BUILT_PRODUCTS_DIR; };
		19946AD4259A63A500AEE83F /* AppDelegate.swift */ = {isa = PBXFileReference; lastKnownFileType = sourcecode.swift; path = AppDelegate.swift; sourceTree = "<group>"; };
		19946AD6259A63A500AEE83F /* SceneDelegate.swift */ = {isa = PBXFileReference; lastKnownFileType = sourcecode.swift; path = SceneDelegate.swift; sourceTree = "<group>"; };
		19946AD8259A63A500AEE83F /* ViewController.swift */ = {isa = PBXFileReference; lastKnownFileType = sourcecode.swift; path = ViewController.swift; sourceTree = "<group>"; };
		19946ADB259A63A500AEE83F /* Base */ = {isa = PBXFileReference; lastKnownFileType = file.storyboard; name = Base; path = Base.lproj/Main.storyboard; sourceTree = "<group>"; };
		19946ADD259A63AB00AEE83F /* Assets.xcassets */ = {isa = PBXFileReference; lastKnownFileType = folder.assetcatalog; path = Assets.xcassets; sourceTree = "<group>"; };
		19946AE0259A63AB00AEE83F /* Base */ = {isa = PBXFileReference; lastKnownFileType = file.storyboard; name = Base; path = Base.lproj/LaunchScreen.storyboard; sourceTree = "<group>"; };
		19946AE2259A63AB00AEE83F /* Info.plist */ = {isa = PBXFileReference; lastKnownFileType = text.plist.xml; path = Info.plist; sourceTree = "<group>"; };
		19946AEE259A741E00AEE83F /* words.txt */ = {isa = PBXFileReference; fileEncoding = 4; lastKnownFileType = text; path = words.txt; sourceTree = "<group>"; };
		19946AF1259BB88300AEE83F /* stringExt.swift */ = {isa = PBXFileReference; lastKnownFileType = sourcecode.swift; path = stringExt.swift; sourceTree = "<group>"; };
/* End PBXFileReference section */

/* Begin PBXFrameworksBuildPhase section */
		19946ACE259A63A500AEE83F /* Frameworks */ = {
			isa = PBXFrameworksBuildPhase;
			buildActionMask = 2147483647;
			files = (
			);
			runOnlyForDeploymentPostprocessing = 0;
		};
/* End PBXFrameworksBuildPhase section */

/* Begin PBXGroup section */
		19946AC8259A63A500AEE83F = {
			isa = PBXGroup;
			children = (
				19946AD3259A63A500AEE83F /* Projects 7-9 Consolidation */,
				19946AD2259A63A500AEE83F /* Products */,
			);
			sourceTree = "<group>";
		};
		19946AD2259A63A500AEE83F /* Products */ = {
			isa = PBXGroup;
			children = (
				19946AD1259A63A500AEE83F /* Projects 7-9 Consolidation.app */,
			);
			name = Products;
			sourceTree = "<group>";
		};
		19946AD3259A63A500AEE83F /* Projects 7-9 Consolidation */ = {
			isa = PBXGroup;
			children = (
				19946AF1259BB88300AEE83F /* stringExt.swift */,
				19946AD4259A63A500AEE83F /* AppDelegate.swift */,
				19946AD6259A63A500AEE83F /* SceneDelegate.swift */,
				19946AD8259A63A500AEE83F /* ViewController.swift */,
				19946ADA259A63A500AEE83F /* Main.storyboard */,
				19946ADD259A63AB00AEE83F /* Assets.xcassets */,
				19946AEE259A741E00AEE83F /* words.txt */,
				19946ADF259A63AB00AEE83F /* LaunchScreen.storyboard */,
				19946AE2259A63AB00AEE83F /* Info.plist */,
			);
			path = "Projects 7-9 Consolidation";
			sourceTree = "<group>";
		};
/* End PBXGroup section */

/* Begin PBXNativeTarget section */
		19946AD0259A63A500AEE83F /* Projects 7-9 Consolidation */ = {
			isa = PBXNativeTarget;
			buildConfigurationList = 19946AE5259A63AB00AEE83F /* Build configuration list for PBXNativeTarget "Projects 7-9 Consolidation" */;
			buildPhases = (
				19946ACD259A63A500AEE83F /* Sources */,
				19946ACE259A63A500AEE83F /* Frameworks */,
				19946ACF259A63A500AEE83F /* Resources */,
			);
			buildRules = (
			);
			dependencies = (
			);
			name = "Projects 7-9 Consolidation";
			productName = "Projects 7-9 Consolidation";
			productReference = 19946AD1259A63A500AEE83F /* Projects 7-9 Consolidation.app */;
			productType = "com.apple.product-type.application";
		};
/* End PBXNativeTarget section */

/* Begin PBXProject section */
		19946AC9259A63A500AEE83F /* Project object */ = {
			isa = PBXProject;
			attributes = {
				LastSwiftUpdateCheck = 1230;
				LastUpgradeCheck = 1230;
				TargetAttributes = {
					19946AD0259A63A500AEE83F = {
						CreatedOnToolsVersion = 12.3;
					};
				};
			};
			buildConfigurationList = 19946ACC259A63A500AEE83F /* Build configuration list for PBXProject "Projects 7-9 Consolidation" */;
			compatibilityVersion = "Xcode 9.3";
			developmentRegion = en;
			hasScannedForEncodings = 0;
			knownRegions = (
				en,
				Base,
			);
			mainGroup = 19946AC8259A63A500AEE83F;
			productRefGroup = 19946AD2259A63A500AEE83F /* Products */;
			projectDirPath = "";
			projectRoot = "";
			targets = (
				19946AD0259A63A500AEE83F /* Projects 7-9 Consolidation */,
			);
		};
/* End PBXProject section */

/* Begin PBXResourcesBuildPhase section */
		19946ACF259A63A500AEE83F /* Resources */ = {
			isa = PBXResourcesBuildPhase;
			buildActionMask = 2147483647;
			files = (
				19946AE1259A63AB00AEE83F /* LaunchScreen.storyboard in Resources */,
				19946ADE259A63AB00AEE83F /* Assets.xcassets in Resources */,
				19946AEF259A741E00AEE83F /* words.txt in Resources */,
				19946ADC259A63A500AEE83F /* Main.storyboard in Resources */,
			);
			runOnlyForDeploymentPostprocessing = 0;
		};
/* End PBXResourcesBuildPhase section */

/* Begin PBXSourcesBuildPhase section */
		19946ACD259A63A500AEE83F /* Sources */ = {
			isa = PBXSourcesBuildPhase;
			buildActionMask = 2147483647;
			files = (
				19946AD9259A63A500AEE83F /* ViewController.swift in Sources */,
				19946AD5259A63A500AEE83F /* AppDelegate.swift in Sources */,
				19946AF2259BB88300AEE83F /* stringExt.swift in Sources */,
				19946AD7259A63A500AEE83F /* SceneDelegate.swift in Sources */,
			);
			runOnlyForDeploymentPostprocessing = 0;
		};
/* End PBXSourcesBuildPhase section */

/* Begin PBXVariantGroup section */
		19946ADA259A63A500AEE83F /* Main.storyboard */ = {
			isa = PBXVariantGroup;
			children = (
				19946ADB259A63A500AEE83F /* Base */,
			);
			name = Main.storyboard;
			sourceTree = "<group>";
		};
		19946ADF259A63AB00AEE83F /* LaunchScreen.storyboard */ = {
			isa = PBXVariantGroup;
			children = (
				19946AE0259A63AB00AEE83F /* Base */,
			);
			name = LaunchScreen.storyboard;
			sourceTree = "<group>";
		};
/* End PBXVariantGroup section */

/* Begin XCBuildConfiguration section */
		19946AE3259A63AB00AEE83F /* Debug */ = {
			isa = XCBuildConfiguration;
			buildSettings = {
				ALWAYS_SEARCH_USER_PATHS = NO;
				CLANG_ANALYZER_NONNULL = YES;
				CLANG_ANALYZER_NUMBER_OBJECT_CONVERSION = YES_AGGRESSIVE;
				CLANG_CXX_LANGUAGE_STANDARD = "gnu++14";
				CLANG_CXX_LIBRARY = "libc++";
				CLANG_ENABLE_MODULES = YES;
				CLANG_ENABLE_OBJC_ARC = YES;
				CLANG_ENABLE_OBJC_WEAK = YES;
				CLANG_WARN_BLOCK_CAPTURE_AUTORELEASING = YES;
				CLANG_WARN_BOOL_CONVERSION = YES;
				CLANG_WARN_COMMA = YES;
				CLANG_WARN_CONSTANT_CONVERSION = YES;
				CLANG_WARN_DEPRECATED_OBJC_IMPLEMENTATIONS = YES;
				CLANG_WARN_DIRECT_OBJC_ISA_USAGE = YES_ERROR;
				CLANG_WARN_DOCUMENTATION_COMMENTS = YES;
				CLANG_WARN_EMPTY_BODY = YES;
				CLANG_WARN_ENUM_CONVERSION = YES;
				CLANG_WARN_INFINITE_RECURSION = YES;
				CLANG_WARN_INT_CONVERSION = YES;
				CLANG_WARN_NON_LITERAL_NULL_CONVERSION = YES;
				CLANG_WARN_OBJC_IMPLICIT_RETAIN_SELF = YES;
				CLANG_WARN_OBJC_LITERAL_CONVERSION = YES;
				CLANG_WARN_OBJC_ROOT_CLASS = YES_ERROR;
				CLANG_WARN_QUOTED_INCLUDE_IN_FRAMEWORK_HEADER = YES;
				CLANG_WARN_RANGE_LOOP_ANALYSIS = YES;
				CLANG_WARN_STRICT_PROTOTYPES = YES;
				CLANG_WARN_SUSPICIOUS_MOVE = YES;
				CLANG_WARN_UNGUARDED_AVAILABILITY = YES_AGGRESSIVE;
				CLANG_WARN_UNREACHABLE_CODE = YES;
				CLANG_WARN__DUPLICATE_METHOD_MATCH = YES;
				COPY_PHASE_STRIP = NO;
				DEBUG_INFORMATION_FORMAT = dwarf;
				ENABLE_STRICT_OBJC_MSGSEND = YES;
				ENABLE_TESTABILITY = YES;
				GCC_C_LANGUAGE_STANDARD = gnu11;
				GCC_DYNAMIC_NO_PIC = NO;
				GCC_NO_COMMON_BLOCKS = YES;
				GCC_OPTIMIZATION_LEVEL = 0;
				GCC_PREPROCESSOR_DEFINITIONS = (
					"DEBUG=1",
					"$(inherited)",
				);
				GCC_WARN_64_TO_32_BIT_CONVERSION = YES;
				GCC_WARN_ABOUT_RETURN_TYPE = YES_ERROR;
				GCC_WARN_UNDECLARED_SELECTOR = YES;
				GCC_WARN_UNINITIALIZED_AUTOS = YES_AGGRESSIVE;
				GCC_WARN_UNUSED_FUNCTION = YES;
				GCC_WARN_UNUSED_VARIABLE = YES;
				IPHONEOS_DEPLOYMENT_TARGET = 14.3;
				MTL_ENABLE_DEBUG_INFO = INCLUDE_SOURCE;
				MTL_FAST_MATH = YES;
				ONLY_ACTIVE_ARCH = YES;
				SDKROOT = iphoneos;
				SWIFT_ACTIVE_COMPILATION_CONDITIONS = DEBUG;
				SWIFT_OPTIMIZATION_LEVEL = "-Onone";
			};
			name = Debug;
		};
		19946AE4259A63AB00AEE83F /* Release */ = {
			isa = XCBuildConfiguration;
			buildSettings = {
				ALWAYS_SEARCH_USER_PATHS = NO;
				CLANG_ANALYZER_NONNULL = YES;
				CLANG_ANALYZER_NUMBER_OBJECT_CONVERSION = YES_AGGRESSIVE;
				CLANG_CXX_LANGUAGE_STANDARD = "gnu++14";
				CLANG_CXX_LIBRARY = "libc++";
				CLANG_ENABLE_MODULES = YES;
				CLANG_ENABLE_OBJC_ARC = YES;
				CLANG_ENABLE_OBJC_WEAK = YES;
				CLANG_WARN_BLOCK_CAPTURE_AUTORELEASING = YES;
				CLANG_WARN_BOOL_CONVERSION = YES;
				CLANG_WARN_COMMA = YES;
				CLANG_WARN_CONSTANT_CONVERSION = YES;
				CLANG_WARN_DEPRECATED_OBJC_IMPLEMENTATIONS = YES;
				CLANG_WARN_DIRECT_OBJC_ISA_USAGE = YES_ERROR;
				CLANG_WARN_DOCUMENTATION_COMMENTS = YES;
				CLANG_WARN_EMPTY_BODY = YES;
				CLANG_WARN_ENUM_CONVERSION = YES;
				CLANG_WARN_INFINITE_RECURSION = YES;
				CLANG_WARN_INT_CONVERSION = YES;
				CLANG_WARN_NON_LITERAL_NULL_CONVERSION = YES;
				CLANG_WARN_OBJC_IMPLICIT_RETAIN_SELF = YES;
				CLANG_WARN_OBJC_LITERAL_CONVERSION = YES;
				CLANG_WARN_OBJC_ROOT_CLASS = YES_ERROR;
				CLANG_WARN_QUOTED_INCLUDE_IN_FRAMEWORK_HEADER = YES;
				CLANG_WARN_RANGE_LOOP_ANALYSIS = YES;
				CLANG_WARN_STRICT_PROTOTYPES = YES;
				CLANG_WARN_SUSPICIOUS_MOVE = YES;
				CLANG_WARN_UNGUARDED_AVAILABILITY = YES_AGGRESSIVE;
				CLANG_WARN_UNREACHABLE_CODE = YES;
				CLANG_WARN__DUPLICATE_METHOD_MATCH = YES;
				COPY_PHASE_STRIP = NO;
				DEBUG_INFORMATION_FORMAT = "dwarf-with-dsym";
				ENABLE_NS_ASSERTIONS = NO;
				ENABLE_STRICT_OBJC_MSGSEND = YES;
				GCC_C_LANGUAGE_STANDARD = gnu11;
				GCC_NO_COMMON_BLOCKS = YES;
				GCC_WARN_64_TO_32_BIT_CONVERSION = YES;
				GCC_WARN_ABOUT_RETURN_TYPE = YES_ERROR;
				GCC_WARN_UNDECLARED_SELECTOR = YES;
				GCC_WARN_UNINITIALIZED_AUTOS = YES_AGGRESSIVE;
				GCC_WARN_UNUSED_FUNCTION = YES;
				GCC_WARN_UNUSED_VARIABLE = YES;
				IPHONEOS_DEPLOYMENT_TARGET = 14.3;
				MTL_ENABLE_DEBUG_INFO = NO;
				MTL_FAST_MATH = YES;
				SDKROOT = iphoneos;
				SWIFT_COMPILATION_MODE = wholemodule;
				SWIFT_OPTIMIZATION_LEVEL = "-O";
				VALIDATE_PRODUCT = YES;
			};
			name = Release;
		};
		19946AE6259A63AB00AEE83F /* Debug */ = {
			isa = XCBuildConfiguration;
			buildSettings = {
				ASSETCATALOG_COMPILER_APPICON_NAME = AppIcon;
				ASSETCATALOG_COMPILER_GLOBAL_ACCENT_COLOR_NAME = AccentColor;
				CODE_SIGN_STYLE = Automatic;
				DEVELOPMENT_TEAM = 2DQV4CFN7G;
				INFOPLIST_FILE = "Projects 7-9 Consolidation/Info.plist";
				LD_RUNPATH_SEARCH_PATHS = (
					"$(inherited)",
					"@executable_path/Frameworks",
				);
				PRODUCT_BUNDLE_IDENTIFIER = "usamaeltmsah.Projects-7-9-Consolidation";
				PRODUCT_NAME = "$(TARGET_NAME)";
				SWIFT_VERSION = 5.0;
				TARGETED_DEVICE_FAMILY = "1,2";
			};
			name = Debug;
		};
		19946AE7259A63AB00AEE83F /* Release */ = {
			isa = XCBuildConfiguration;
			buildSettings = {
				ASSETCATALOG_COMPILER_APPICON_NAME = AppIcon;
				ASSETCATALOG_COMPILER_GLOBAL_ACCENT_COLOR_NAME = AccentColor;
				CODE_SIGN_STYLE = Automatic;
				DEVELOPMENT_TEAM = 2DQV4CFN7G;
				INFOPLIST_FILE = "Projects 7-9 Consolidation/Info.plist";
				LD_RUNPATH_SEARCH_PATHS = (
					"$(inherited)",
					"@executable_path/Frameworks",
				);
				PRODUCT_BUNDLE_IDENTIFIER = "usamaeltmsah.Projects-7-9-Consolidation";
				PRODUCT_NAME = "$(TARGET_NAME)";
				SWIFT_VERSION = 5.0;
				TARGETED_DEVICE_FAMILY = "1,2";
			};
			name = Release;
		};
/* End XCBuildConfiguration section */

/* Begin XCConfigurationList section */
		19946ACC259A63A500AEE83F /* Build configuration list for PBXProject "Projects 7-9 Consolidation" */ = {
			isa = XCConfigurationList;
			buildConfigurations = (
				19946AE3259A63AB00AEE83F /* Debug */,
				19946AE4259A63AB00AEE83F /* Release */,
			);
			defaultConfigurationIsVisible = 0;
			defaultConfigurationName = Release;
		};
		19946AE5259A63AB00AEE83F /* Build configuration list for PBXNativeTarget "Projects 7-9 Consolidation" */ = {
			isa = XCConfigurationList;
			buildConfigurations = (
				19946AE6259A63AB00AEE83F /* Debug */,
				19946AE7259A63AB00AEE83F /* Release */,
			);
			defaultConfigurationIsVisible = 0;
			defaultConfigurationName = Release;
		};
/* End XCConfigurationList section */
	};
	rootObject = 19946AC9259A63A500AEE83F /* Project object */;
}
